// !$*UTF8*$!
{
	archiveVersion = 1;
	classes = {
	};
	objectVersion = 46;
	objects = {

/* Begin PBXBuildFile section */
		4925F5611BF27C7D00481D98 /* LoginViewController.swift in Sources */ = {isa = PBXBuildFile; fileRef = 4925F5601BF27C7D00481D98 /* LoginViewController.swift */; };
		4969F3001BEBC5E6000B0ED7 /* Bolts.framework in Frameworks */ = {isa = PBXBuildFile; fileRef = 4969F2F91BEBC5E6000B0ED7 /* Bolts.framework */; };
		4969F3011BEBC5E7000B0ED7 /* Parse.framework in Frameworks */ = {isa = PBXBuildFile; fileRef = 4969F2FA1BEBC5E6000B0ED7 /* Parse.framework */; };
		4969F3081BEBC699000B0ED7 /* AudioToolbox.framework in Frameworks */ = {isa = PBXBuildFile; fileRef = 4969F3071BEBC699000B0ED7 /* AudioToolbox.framework */; };
		4969F30A1BEBC6A1000B0ED7 /* CFNetwork.framework in Frameworks */ = {isa = PBXBuildFile; fileRef = 4969F3091BEBC6A1000B0ED7 /* CFNetwork.framework */; };
		4969F30C1BEBC6AB000B0ED7 /* CoreGraphics.framework in Frameworks */ = {isa = PBXBuildFile; fileRef = 4969F30B1BEBC6AB000B0ED7 /* CoreGraphics.framework */; };
		4969F30E1BEBC6BA000B0ED7 /* CoreLocation.framework in Frameworks */ = {isa = PBXBuildFile; fileRef = 4969F30D1BEBC6BA000B0ED7 /* CoreLocation.framework */; };
		4969F3101BEBC6C3000B0ED7 /* QuartzCore.framework in Frameworks */ = {isa = PBXBuildFile; fileRef = 4969F30F1BEBC6C3000B0ED7 /* QuartzCore.framework */; };
		4969F3121BEBC6CB000B0ED7 /* Security.framework in Frameworks */ = {isa = PBXBuildFile; fileRef = 4969F3111BEBC6CB000B0ED7 /* Security.framework */; };
		4969F3141BEBC6D5000B0ED7 /* StoreKit.framework in Frameworks */ = {isa = PBXBuildFile; fileRef = 4969F3131BEBC6D5000B0ED7 /* StoreKit.framework */; };
		4969F3161BEBC6DF000B0ED7 /* SystemConfiguration.framework in Frameworks */ = {isa = PBXBuildFile; fileRef = 4969F3151BEBC6DF000B0ED7 /* SystemConfiguration.framework */; };
		4969F3181BEBC6E7000B0ED7 /* libz.tbd in Frameworks */ = {isa = PBXBuildFile; fileRef = 4969F3171BEBC6E7000B0ED7 /* libz.tbd */; };
		4969F31A1BEBC6EF000B0ED7 /* libsqlite3.tbd in Frameworks */ = {isa = PBXBuildFile; fileRef = 4969F3191BEBC6EF000B0ED7 /* libsqlite3.tbd */; };
		49A7CEA11BF2DE5C00BCA090 /* ParseCrashReporting.framework in Frameworks */ = {isa = PBXBuildFile; fileRef = 49A7CEA01BF2DE5C00BCA090 /* ParseCrashReporting.framework */; };
		49A7CEDA1BF2E02900BCA090 /* AlphaAnimation.swift in Sources */ = {isa = PBXBuildFile; fileRef = 49A7CEBF1BF2E02900BCA090 /* AlphaAnimation.swift */; };
		49A7CEDB1BF2E02900BCA090 /* Animatable.swift in Sources */ = {isa = PBXBuildFile; fileRef = 49A7CEC01BF2E02900BCA090 /* Animatable.swift */; };
		49A7CEDC1BF2E02900BCA090 /* AnimatedPagingScrollViewController.swift in Sources */ = {isa = PBXBuildFile; fileRef = 49A7CEC11BF2E02900BCA090 /* AnimatedPagingScrollViewController.swift */; };
		49A7CEDD1BF2E02900BCA090 /* Animation.swift in Sources */ = {isa = PBXBuildFile; fileRef = 49A7CEC21BF2E02900BCA090 /* Animation.swift */; };
		49A7CEDE1BF2E02900BCA090 /* Animator.swift in Sources */ = {isa = PBXBuildFile; fileRef = 49A7CEC31BF2E02900BCA090 /* Animator.swift */; };
		49A7CEDF1BF2E02900BCA090 /* BackgroundColorAnimation.swift in Sources */ = {isa = PBXBuildFile; fileRef = 49A7CEC41BF2E02900BCA090 /* BackgroundColorAnimation.swift */; };
		49A7CEE01BF2E02900BCA090 /* ConstraintConstantAnimation.swift in Sources */ = {isa = PBXBuildFile; fileRef = 49A7CEC51BF2E02900BCA090 /* ConstraintConstantAnimation.swift */; };
		49A7CEE11BF2E02900BCA090 /* ConstraintMultiplierAnimation.swift in Sources */ = {isa = PBXBuildFile; fileRef = 49A7CEC61BF2E02900BCA090 /* ConstraintMultiplierAnimation.swift */; };
		49A7CEE21BF2E02900BCA090 /* CornerRadiusAnimation.swift in Sources */ = {isa = PBXBuildFile; fileRef = 49A7CEC71BF2E02900BCA090 /* CornerRadiusAnimation.swift */; };
		49A7CEE31BF2E02900BCA090 /* CubicBezier.swift in Sources */ = {isa = PBXBuildFile; fileRef = 49A7CEC81BF2E02900BCA090 /* CubicBezier.swift */; };
		49A7CEE41BF2E02900BCA090 /* EasingFunction.swift in Sources */ = {isa = PBXBuildFile; fileRef = 49A7CEC91BF2E02900BCA090 /* EasingFunction.swift */; };
		49A7CEE51BF2E02900BCA090 /* Filmstrip.swift in Sources */ = {isa = PBXBuildFile; fileRef = 49A7CECA1BF2E02900BCA090 /* Filmstrip.swift */; };
		49A7CEE61BF2E02900BCA090 /* HideAnimation.swift in Sources */ = {isa = PBXBuildFile; fileRef = 49A7CECB1BF2E02900BCA090 /* HideAnimation.swift */; };
		49A7CEE71BF2E02900BCA090 /* Info.plist in Resources */ = {isa = PBXBuildFile; fileRef = 49A7CECC1BF2E02900BCA090 /* Info.plist */; };
		49A7CEE81BF2E02900BCA090 /* Interpolatable.swift in Sources */ = {isa = PBXBuildFile; fileRef = 49A7CECD1BF2E02900BCA090 /* Interpolatable.swift */; };
		49A7CEE91BF2E02900BCA090 /* LabelTextColorAnimation.swift in Sources */ = {isa = PBXBuildFile; fileRef = 49A7CECE1BF2E02900BCA090 /* LabelTextColorAnimation.swift */; };
		49A7CEEA1BF2E02900BCA090 /* LayerFillColorAnimation.swift in Sources */ = {isa = PBXBuildFile; fileRef = 49A7CECF1BF2E02900BCA090 /* LayerFillColorAnimation.swift */; };
		49A7CEEB1BF2E02900BCA090 /* LayerStrokeColorAnimation.swift in Sources */ = {isa = PBXBuildFile; fileRef = 49A7CED01BF2E02900BCA090 /* LayerStrokeColorAnimation.swift */; };
		49A7CEEC1BF2E02900BCA090 /* LayerStrokeEndAnimation.swift in Sources */ = {isa = PBXBuildFile; fileRef = 49A7CED11BF2E02900BCA090 /* LayerStrokeEndAnimation.swift */; };
		49A7CEED1BF2E02900BCA090 /* LayerStrokeStartAnimation.swift in Sources */ = {isa = PBXBuildFile; fileRef = 49A7CED21BF2E02900BCA090 /* LayerStrokeStartAnimation.swift */; };
		49A7CEEE1BF2E02900BCA090 /* PathPositionAnimation.swift in Sources */ = {isa = PBXBuildFile; fileRef = 49A7CED31BF2E02900BCA090 /* PathPositionAnimation.swift */; };
		49A7CEEF1BF2E02900BCA090 /* RotationAnimation.swift in Sources */ = {isa = PBXBuildFile; fileRef = 49A7CED51BF2E02900BCA090 /* RotationAnimation.swift */; };
		49A7CEF01BF2E02900BCA090 /* ScaleAnimation.swift in Sources */ = {isa = PBXBuildFile; fileRef = 49A7CED61BF2E02900BCA090 /* ScaleAnimation.swift */; };
		49A7CEF11BF2E02900BCA090 /* ScrollViewPageConstraintAnimation.swift in Sources */ = {isa = PBXBuildFile; fileRef = 49A7CED71BF2E02900BCA090 /* ScrollViewPageConstraintAnimation.swift */; };
		49A7CEF21BF2E02900BCA090 /* TranslationAnimation.swift in Sources */ = {isa = PBXBuildFile; fileRef = 49A7CED81BF2E02900BCA090 /* TranslationAnimation.swift */; };
		49A7CEF31BF2E02900BCA090 /* UIView+Transform.swift in Sources */ = {isa = PBXBuildFile; fileRef = 49A7CED91BF2E02900BCA090 /* UIView+Transform.swift */; };
		49A7CEF51BF2E1C800BCA090 /* User.swift in Sources */ = {isa = PBXBuildFile; fileRef = 49A7CEF41BF2E1C800BCA090 /* User.swift */; };
		49B2972D1BEC24C600492550 /* keys.plist in Resources */ = {isa = PBXBuildFile; fileRef = 49B2972C1BEC24C600492550 /* keys.plist */; };
		49B297301BED26F600492550 /* IntroViewController.swift in Sources */ = {isa = PBXBuildFile; fileRef = 49B2972F1BED26F600492550 /* IntroViewController.swift */; };
		49CE03601BD56216000F76D7 /* AppDelegate.swift in Sources */ = {isa = PBXBuildFile; fileRef = 49CE035F1BD56216000F76D7 /* AppDelegate.swift */; };
		49CE03621BD56216000F76D7 /* ViewController.swift in Sources */ = {isa = PBXBuildFile; fileRef = 49CE03611BD56216000F76D7 /* ViewController.swift */; };
		49CE03651BD56216000F76D7 /* Main.storyboard in Resources */ = {isa = PBXBuildFile; fileRef = 49CE03631BD56216000F76D7 /* Main.storyboard */; };
		49CE03671BD56216000F76D7 /* Assets.xcassets in Resources */ = {isa = PBXBuildFile; fileRef = 49CE03661BD56216000F76D7 /* Assets.xcassets */; };
		49CE036A1BD56216000F76D7 /* LaunchScreen.storyboard in Resources */ = {isa = PBXBuildFile; fileRef = 49CE03681BD56216000F76D7 /* LaunchScreen.storyboard */; };
		49CE038E1BD56400000F76D7 /* README.md in Resources */ = {isa = PBXBuildFile; fileRef = 49CE038D1BD56400000F76D7 /* README.md */; };
		49CF58B71BF2CDF6000B0059 /* Constants.swift in Sources */ = {isa = PBXBuildFile; fileRef = 49CF58B61BF2CDF6000B0059 /* Constants.swift */; };
/* End PBXBuildFile section */

/* Begin PBXFileReference section */
		4925F5601BF27C7D00481D98 /* LoginViewController.swift */ = {isa = PBXFileReference; fileEncoding = 4; lastKnownFileType = sourcecode.swift; path = LoginViewController.swift; sourceTree = "<group>"; };
		4969F2F91BEBC5E6000B0ED7 /* Bolts.framework */ = {isa = PBXFileReference; lastKnownFileType = wrapper.framework; path = Bolts.framework; sourceTree = "<group>"; };
		4969F2FA1BEBC5E6000B0ED7 /* Parse.framework */ = {isa = PBXFileReference; lastKnownFileType = wrapper.framework; path = Parse.framework; sourceTree = "<group>"; };
		4969F3071BEBC699000B0ED7 /* AudioToolbox.framework */ = {isa = PBXFileReference; lastKnownFileType = wrapper.framework; name = AudioToolbox.framework; path = System/Library/Frameworks/AudioToolbox.framework; sourceTree = SDKROOT; };
		4969F3091BEBC6A1000B0ED7 /* CFNetwork.framework */ = {isa = PBXFileReference; lastKnownFileType = wrapper.framework; name = CFNetwork.framework; path = System/Library/Frameworks/CFNetwork.framework; sourceTree = SDKROOT; };
		4969F30B1BEBC6AB000B0ED7 /* CoreGraphics.framework */ = {isa = PBXFileReference; lastKnownFileType = wrapper.framework; name = CoreGraphics.framework; path = System/Library/Frameworks/CoreGraphics.framework; sourceTree = SDKROOT; };
		4969F30D1BEBC6BA000B0ED7 /* CoreLocation.framework */ = {isa = PBXFileReference; lastKnownFileType = wrapper.framework; name = CoreLocation.framework; path = System/Library/Frameworks/CoreLocation.framework; sourceTree = SDKROOT; };
		4969F30F1BEBC6C3000B0ED7 /* QuartzCore.framework */ = {isa = PBXFileReference; lastKnownFileType = wrapper.framework; name = QuartzCore.framework; path = System/Library/Frameworks/QuartzCore.framework; sourceTree = SDKROOT; };
		4969F3111BEBC6CB000B0ED7 /* Security.framework */ = {isa = PBXFileReference; lastKnownFileType = wrapper.framework; name = Security.framework; path = System/Library/Frameworks/Security.framework; sourceTree = SDKROOT; };
		4969F3131BEBC6D5000B0ED7 /* StoreKit.framework */ = {isa = PBXFileReference; lastKnownFileType = wrapper.framework; name = StoreKit.framework; path = System/Library/Frameworks/StoreKit.framework; sourceTree = SDKROOT; };
		4969F3151BEBC6DF000B0ED7 /* SystemConfiguration.framework */ = {isa = PBXFileReference; lastKnownFileType = wrapper.framework; name = SystemConfiguration.framework; path = System/Library/Frameworks/SystemConfiguration.framework; sourceTree = SDKROOT; };
		4969F3171BEBC6E7000B0ED7 /* libz.tbd */ = {isa = PBXFileReference; lastKnownFileType = "sourcecode.text-based-dylib-definition"; name = libz.tbd; path = usr/lib/libz.tbd; sourceTree = SDKROOT; };
		4969F3191BEBC6EF000B0ED7 /* libsqlite3.tbd */ = {isa = PBXFileReference; lastKnownFileType = "sourcecode.text-based-dylib-definition"; name = libsqlite3.tbd; path = usr/lib/libsqlite3.tbd; sourceTree = SDKROOT; };
		49A7CEA01BF2DE5C00BCA090 /* ParseCrashReporting.framework */ = {isa = PBXFileReference; lastKnownFileType = wrapper.framework; name = ParseCrashReporting.framework; path = "../../../Downloads/parse-library-1/ParseCrashReporting.framework"; sourceTree = "<group>"; };
		49A7CEBF1BF2E02900BCA090 /* AlphaAnimation.swift */ = {isa = PBXFileReference; fileEncoding = 4; lastKnownFileType = sourcecode.swift; path = AlphaAnimation.swift; sourceTree = "<group>"; };
		49A7CEC01BF2E02900BCA090 /* Animatable.swift */ = {isa = PBXFileReference; fileEncoding = 4; lastKnownFileType = sourcecode.swift; path = Animatable.swift; sourceTree = "<group>"; };
		49A7CEC11BF2E02900BCA090 /* AnimatedPagingScrollViewController.swift */ = {isa = PBXFileReference; fileEncoding = 4; lastKnownFileType = sourcecode.swift; path = AnimatedPagingScrollViewController.swift; sourceTree = "<group>"; };
		49A7CEC21BF2E02900BCA090 /* Animation.swift */ = {isa = PBXFileReference; fileEncoding = 4; lastKnownFileType = sourcecode.swift; path = Animation.swift; sourceTree = "<group>"; };
		49A7CEC31BF2E02900BCA090 /* Animator.swift */ = {isa = PBXFileReference; fileEncoding = 4; lastKnownFileType = sourcecode.swift; path = Animator.swift; sourceTree = "<group>"; };
		49A7CEC41BF2E02900BCA090 /* BackgroundColorAnimation.swift */ = {isa = PBXFileReference; fileEncoding = 4; lastKnownFileType = sourcecode.swift; path = BackgroundColorAnimation.swift; sourceTree = "<group>"; };
		49A7CEC51BF2E02900BCA090 /* ConstraintConstantAnimation.swift */ = {isa = PBXFileReference; fileEncoding = 4; lastKnownFileType = sourcecode.swift; path = ConstraintConstantAnimation.swift; sourceTree = "<group>"; };
		49A7CEC61BF2E02900BCA090 /* ConstraintMultiplierAnimation.swift */ = {isa = PBXFileReference; fileEncoding = 4; lastKnownFileType = sourcecode.swift; path = ConstraintMultiplierAnimation.swift; sourceTree = "<group>"; };
		49A7CEC71BF2E02900BCA090 /* CornerRadiusAnimation.swift */ = {isa = PBXFileReference; fileEncoding = 4; lastKnownFileType = sourcecode.swift; path = CornerRadiusAnimation.swift; sourceTree = "<group>"; };
		49A7CEC81BF2E02900BCA090 /* CubicBezier.swift */ = {isa = PBXFileReference; fileEncoding = 4; lastKnownFileType = sourcecode.swift; path = CubicBezier.swift; sourceTree = "<group>"; };
		49A7CEC91BF2E02900BCA090 /* EasingFunction.swift */ = {isa = PBXFileReference; fileEncoding = 4; lastKnownFileType = sourcecode.swift; path = EasingFunction.swift; sourceTree = "<group>"; };
		49A7CECA1BF2E02900BCA090 /* Filmstrip.swift */ = {isa = PBXFileReference; fileEncoding = 4; lastKnownFileType = sourcecode.swift; path = Filmstrip.swift; sourceTree = "<group>"; };
		49A7CECB1BF2E02900BCA090 /* HideAnimation.swift */ = {isa = PBXFileReference; fileEncoding = 4; lastKnownFileType = sourcecode.swift; path = HideAnimation.swift; sourceTree = "<group>"; };
		49A7CECC1BF2E02900BCA090 /* Info.plist */ = {isa = PBXFileReference; fileEncoding = 4; lastKnownFileType = text.plist.xml; path = Info.plist; sourceTree = "<group>"; };
		49A7CECD1BF2E02900BCA090 /* Interpolatable.swift */ = {isa = PBXFileReference; fileEncoding = 4; lastKnownFileType = sourcecode.swift; path = Interpolatable.swift; sourceTree = "<group>"; };
		49A7CECE1BF2E02900BCA090 /* LabelTextColorAnimation.swift */ = {isa = PBXFileReference; fileEncoding = 4; lastKnownFileType = sourcecode.swift; path = LabelTextColorAnimation.swift; sourceTree = "<group>"; };
		49A7CECF1BF2E02900BCA090 /* LayerFillColorAnimation.swift */ = {isa = PBXFileReference; fileEncoding = 4; lastKnownFileType = sourcecode.swift; path = LayerFillColorAnimation.swift; sourceTree = "<group>"; };
		49A7CED01BF2E02900BCA090 /* LayerStrokeColorAnimation.swift */ = {isa = PBXFileReference; fileEncoding = 4; lastKnownFileType = sourcecode.swift; path = LayerStrokeColorAnimation.swift; sourceTree = "<group>"; };
		49A7CED11BF2E02900BCA090 /* LayerStrokeEndAnimation.swift */ = {isa = PBXFileReference; fileEncoding = 4; lastKnownFileType = sourcecode.swift; path = LayerStrokeEndAnimation.swift; sourceTree = "<group>"; };
		49A7CED21BF2E02900BCA090 /* LayerStrokeStartAnimation.swift */ = {isa = PBXFileReference; fileEncoding = 4; lastKnownFileType = sourcecode.swift; path = LayerStrokeStartAnimation.swift; sourceTree = "<group>"; };
		49A7CED31BF2E02900BCA090 /* PathPositionAnimation.swift */ = {isa = PBXFileReference; fileEncoding = 4; lastKnownFileType = sourcecode.swift; path = PathPositionAnimation.swift; sourceTree = "<group>"; };
		49A7CED41BF2E02900BCA090 /* RazzleDazzle.h */ = {isa = PBXFileReference; fileEncoding = 4; lastKnownFileType = sourcecode.c.h; path = RazzleDazzle.h; sourceTree = "<group>"; };
		49A7CED51BF2E02900BCA090 /* RotationAnimation.swift */ = {isa = PBXFileReference; fileEncoding = 4; lastKnownFileType = sourcecode.swift; path = RotationAnimation.swift; sourceTree = "<group>"; };
		49A7CED61BF2E02900BCA090 /* ScaleAnimation.swift */ = {isa = PBXFileReference; fileEncoding = 4; lastKnownFileType = sourcecode.swift; path = ScaleAnimation.swift; sourceTree = "<group>"; };
		49A7CED71BF2E02900BCA090 /* ScrollViewPageConstraintAnimation.swift */ = {isa = PBXFileReference; fileEncoding = 4; lastKnownFileType = sourcecode.swift; path = ScrollViewPageConstraintAnimation.swift; sourceTree = "<group>"; };
		49A7CED81BF2E02900BCA090 /* TranslationAnimation.swift */ = {isa = PBXFileReference; fileEncoding = 4; lastKnownFileType = sourcecode.swift; path = TranslationAnimation.swift; sourceTree = "<group>"; };
		49A7CED91BF2E02900BCA090 /* UIView+Transform.swift */ = {isa = PBXFileReference; fileEncoding = 4; lastKnownFileType = sourcecode.swift; path = "UIView+Transform.swift"; sourceTree = "<group>"; };
		49A7CEF41BF2E1C800BCA090 /* User.swift */ = {isa = PBXFileReference; fileEncoding = 4; lastKnownFileType = sourcecode.swift; path = User.swift; sourceTree = "<group>"; };
		49B2972C1BEC24C600492550 /* keys.plist */ = {isa = PBXFileReference; fileEncoding = 4; lastKnownFileType = text.plist.xml; path = keys.plist; sourceTree = "<group>"; };
		49B2972F1BED26F600492550 /* IntroViewController.swift */ = {isa = PBXFileReference; fileEncoding = 4; lastKnownFileType = sourcecode.swift; path = IntroViewController.swift; sourceTree = "<group>"; };
		49CE035C1BD56216000F76D7 /* Mobilize.app */ = {isa = PBXFileReference; explicitFileType = wrapper.application; includeInIndex = 0; path = Mobilize.app; sourceTree = BUILT_PRODUCTS_DIR; };
		49CE035F1BD56216000F76D7 /* AppDelegate.swift */ = {isa = PBXFileReference; lastKnownFileType = sourcecode.swift; path = AppDelegate.swift; sourceTree = "<group>"; };
		49CE03611BD56216000F76D7 /* ViewController.swift */ = {isa = PBXFileReference; lastKnownFileType = sourcecode.swift; path = ViewController.swift; sourceTree = "<group>"; };
		49CE03641BD56216000F76D7 /* Base */ = {isa = PBXFileReference; lastKnownFileType = file.storyboard; name = Base; path = Base.lproj/Main.storyboard; sourceTree = "<group>"; };
		49CE03661BD56216000F76D7 /* Assets.xcassets */ = {isa = PBXFileReference; lastKnownFileType = folder.assetcatalog; path = Assets.xcassets; sourceTree = "<group>"; };
		49CE03691BD56216000F76D7 /* Base */ = {isa = PBXFileReference; lastKnownFileType = file.storyboard; name = Base; path = Base.lproj/LaunchScreen.storyboard; sourceTree = "<group>"; };
		49CE036B1BD56216000F76D7 /* Info.plist */ = {isa = PBXFileReference; lastKnownFileType = text.plist.xml; path = Info.plist; sourceTree = "<group>"; };
		49CE038D1BD56400000F76D7 /* README.md */ = {isa = PBXFileReference; fileEncoding = 4; lastKnownFileType = net.daringfireball.markdown; path = README.md; sourceTree = "<group>"; };
		49CF58B61BF2CDF6000B0059 /* Constants.swift */ = {isa = PBXFileReference; fileEncoding = 4; lastKnownFileType = sourcecode.swift; path = Constants.swift; sourceTree = "<group>"; };
/* End PBXFileReference section */

/* Begin PBXFrameworksBuildPhase section */
		49CE03591BD56216000F76D7 /* Frameworks */ = {
			isa = PBXFrameworksBuildPhase;
			buildActionMask = 2147483647;
			files = (
				4969F31A1BEBC6EF000B0ED7 /* libsqlite3.tbd in Frameworks */,
				4969F3181BEBC6E7000B0ED7 /* libz.tbd in Frameworks */,
				4969F3161BEBC6DF000B0ED7 /* SystemConfiguration.framework in Frameworks */,
				4969F3141BEBC6D5000B0ED7 /* StoreKit.framework in Frameworks */,
				4969F3121BEBC6CB000B0ED7 /* Security.framework in Frameworks */,
				4969F3101BEBC6C3000B0ED7 /* QuartzCore.framework in Frameworks */,
				4969F30E1BEBC6BA000B0ED7 /* CoreLocation.framework in Frameworks */,
				4969F30C1BEBC6AB000B0ED7 /* CoreGraphics.framework in Frameworks */,
				4969F30A1BEBC6A1000B0ED7 /* CFNetwork.framework in Frameworks */,
				4969F3081BEBC699000B0ED7 /* AudioToolbox.framework in Frameworks */,
				4969F3011BEBC5E7000B0ED7 /* Parse.framework in Frameworks */,
				4969F3001BEBC5E6000B0ED7 /* Bolts.framework in Frameworks */,
				49A7CEA11BF2DE5C00BCA090 /* ParseCrashReporting.framework in Frameworks */,
			);
			runOnlyForDeploymentPostprocessing = 0;
		};
/* End PBXFrameworksBuildPhase section */

/* Begin PBXGroup section */
		4969F2F81BEBC5E6000B0ED7 /* Frameworks */ = {
			isa = PBXGroup;
			children = (
				4969F3191BEBC6EF000B0ED7 /* libsqlite3.tbd */,
				4969F3171BEBC6E7000B0ED7 /* libz.tbd */,
				49A7CEBE1BF2E02900BCA090 /* RazzleDazzle */,
				49A7CEA01BF2DE5C00BCA090 /* ParseCrashReporting.framework */,
				4969F3151BEBC6DF000B0ED7 /* SystemConfiguration.framework */,
				4969F3131BEBC6D5000B0ED7 /* StoreKit.framework */,
				4969F3111BEBC6CB000B0ED7 /* Security.framework */,
				4969F30F1BEBC6C3000B0ED7 /* QuartzCore.framework */,
				4969F30D1BEBC6BA000B0ED7 /* CoreLocation.framework */,
				4969F30B1BEBC6AB000B0ED7 /* CoreGraphics.framework */,
				4969F3091BEBC6A1000B0ED7 /* CFNetwork.framework */,
				4969F3071BEBC699000B0ED7 /* AudioToolbox.framework */,
				4969F2F91BEBC5E6000B0ED7 /* Bolts.framework */,
				4969F2FA1BEBC5E6000B0ED7 /* Parse.framework */,
			);
			path = Frameworks;
			sourceTree = "<group>";
		};
		49A7CEBE1BF2E02900BCA090 /* RazzleDazzle */ = {
			isa = PBXGroup;
			children = (
				49A7CEBF1BF2E02900BCA090 /* AlphaAnimation.swift */,
				49A7CEC01BF2E02900BCA090 /* Animatable.swift */,
				49A7CEC11BF2E02900BCA090 /* AnimatedPagingScrollViewController.swift */,
				49A7CEC21BF2E02900BCA090 /* Animation.swift */,
				49A7CEC31BF2E02900BCA090 /* Animator.swift */,
				49A7CEC41BF2E02900BCA090 /* BackgroundColorAnimation.swift */,
				49A7CEC51BF2E02900BCA090 /* ConstraintConstantAnimation.swift */,
				49A7CEC61BF2E02900BCA090 /* ConstraintMultiplierAnimation.swift */,
				49A7CEC71BF2E02900BCA090 /* CornerRadiusAnimation.swift */,
				49A7CEC81BF2E02900BCA090 /* CubicBezier.swift */,
				49A7CEC91BF2E02900BCA090 /* EasingFunction.swift */,
				49A7CECA1BF2E02900BCA090 /* Filmstrip.swift */,
				49A7CECB1BF2E02900BCA090 /* HideAnimation.swift */,
				49A7CECC1BF2E02900BCA090 /* Info.plist */,
				49A7CECD1BF2E02900BCA090 /* Interpolatable.swift */,
				49A7CECE1BF2E02900BCA090 /* LabelTextColorAnimation.swift */,
				49A7CECF1BF2E02900BCA090 /* LayerFillColorAnimation.swift */,
				49A7CED01BF2E02900BCA090 /* LayerStrokeColorAnimation.swift */,
				49A7CED11BF2E02900BCA090 /* LayerStrokeEndAnimation.swift */,
				49A7CED21BF2E02900BCA090 /* LayerStrokeStartAnimation.swift */,
				49A7CED31BF2E02900BCA090 /* PathPositionAnimation.swift */,
				49A7CED41BF2E02900BCA090 /* RazzleDazzle.h */,
				49A7CED51BF2E02900BCA090 /* RotationAnimation.swift */,
				49A7CED61BF2E02900BCA090 /* ScaleAnimation.swift */,
				49A7CED71BF2E02900BCA090 /* ScrollViewPageConstraintAnimation.swift */,
				49A7CED81BF2E02900BCA090 /* TranslationAnimation.swift */,
				49A7CED91BF2E02900BCA090 /* UIView+Transform.swift */,
			);
			path = RazzleDazzle;
			sourceTree = "<group>";
		};
		49B2972B1BEC244500492550 /* Supporting Files */ = {
			isa = PBXGroup;
			children = (
				49CE03681BD56216000F76D7 /* LaunchScreen.storyboard */,
				49CE03661BD56216000F76D7 /* Assets.xcassets */,
				49B2972C1BEC24C600492550 /* keys.plist */,
				49CE036B1BD56216000F76D7 /* Info.plist */,
			);
			name = "Supporting Files";
			sourceTree = "<group>";
		};
		49CE03531BD56216000F76D7 = {
			isa = PBXGroup;
			children = (
				49CE038D1BD56400000F76D7 /* README.md */,
				4969F2F81BEBC5E6000B0ED7 /* Frameworks */,
				49CE035E1BD56216000F76D7 /* Mobilize */,
				49CE035D1BD56216000F76D7 /* Products */,
			);
			sourceTree = "<group>";
		};
		49CE035D1BD56216000F76D7 /* Products */ = {
			isa = PBXGroup;
			children = (
				49CE035C1BD56216000F76D7 /* Mobilize.app */,
			);
			name = Products;
			sourceTree = "<group>";
		};
		49CE035E1BD56216000F76D7 /* Mobilize */ = {
			isa = PBXGroup;
			children = (
				49CF58B41BF28964000B0059 /* Controller */,
				49CF58B51BF2CDAD000B0059 /* Model */,
				49B2972B1BEC244500492550 /* Supporting Files */,
				49CE035F1BD56216000F76D7 /* AppDelegate.swift */,
				49CE03631BD56216000F76D7 /* Main.storyboard */,
				49CF58B61BF2CDF6000B0059 /* Constants.swift */,
			);
			path = Mobilize;
			sourceTree = "<group>";
		};
		49CF58B41BF28964000B0059 /* Controller */ = {
			isa = PBXGroup;
			children = (
				49CE03611BD56216000F76D7 /* ViewController.swift */,
				49B2972F1BED26F600492550 /* IntroViewController.swift */,
				4925F5601BF27C7D00481D98 /* LoginViewController.swift */,
			);
			name = Controller;
			sourceTree = "<group>";
		};
		49CF58B51BF2CDAD000B0059 /* Model */ = {
			isa = PBXGroup;
			children = (
				49A7CEF41BF2E1C800BCA090 /* User.swift */,
			);
			name = Model;
			sourceTree = "<group>";
		};
/* End PBXGroup section */

/* Begin PBXNativeTarget section */
		49CE035B1BD56216000F76D7 /* Mobilize */ = {
			isa = PBXNativeTarget;
			buildConfigurationList = 49CE03841BD56216000F76D7 /* Build configuration list for PBXNativeTarget "Mobilize" */;
			buildPhases = (
				49CE03581BD56216000F76D7 /* Sources */,
				49CE03591BD56216000F76D7 /* Frameworks */,
				49CE035A1BD56216000F76D7 /* Resources */,
			);
			buildRules = (
			);
			dependencies = (
			);
			name = Mobilize;
			productName = Mobilize;
			productReference = 49CE035C1BD56216000F76D7 /* Mobilize.app */;
			productType = "com.apple.product-type.application";
		};
/* End PBXNativeTarget section */

/* Begin PBXProject section */
		49CE03541BD56216000F76D7 /* Project object */ = {
			isa = PBXProject;
			attributes = {
				LastSwiftUpdateCheck = 0710;
				LastUpgradeCheck = 0700;
				ORGANIZATIONNAME = "Miguel Araújo";
				TargetAttributes = {
					49CE035B1BD56216000F76D7 = {
						CreatedOnToolsVersion = 7.0.1;
					};
				};
			};
			buildConfigurationList = 49CE03571BD56216000F76D7 /* Build configuration list for PBXProject "Mobilize" */;
			compatibilityVersion = "Xcode 3.2";
			developmentRegion = English;
			hasScannedForEncodings = 0;
			knownRegions = (
				en,
				Base,
			);
			mainGroup = 49CE03531BD56216000F76D7;
			productRefGroup = 49CE035D1BD56216000F76D7 /* Products */;
			projectDirPath = "";
			projectRoot = "";
			targets = (
				49CE035B1BD56216000F76D7 /* Mobilize */,
			);
		};
/* End PBXProject section */

/* Begin PBXResourcesBuildPhase section */
		49CE035A1BD56216000F76D7 /* Resources */ = {
			isa = PBXResourcesBuildPhase;
			buildActionMask = 2147483647;
			files = (
				49CE036A1BD56216000F76D7 /* LaunchScreen.storyboard in Resources */,
				49CE03671BD56216000F76D7 /* Assets.xcassets in Resources */,
				49A7CEE71BF2E02900BCA090 /* Info.plist in Resources */,
				49CE03651BD56216000F76D7 /* Main.storyboard in Resources */,
				49CE038E1BD56400000F76D7 /* README.md in Resources */,
				49B2972D1BEC24C600492550 /* keys.plist in Resources */,
			);
			runOnlyForDeploymentPostprocessing = 0;
		};
/* End PBXResourcesBuildPhase section */

/* Begin PBXSourcesBuildPhase section */
		49CE03581BD56216000F76D7 /* Sources */ = {
			isa = PBXSourcesBuildPhase;
			buildActionMask = 2147483647;
			files = (
				49A7CEEF1BF2E02900BCA090 /* RotationAnimation.swift in Sources */,
				49A7CEE31BF2E02900BCA090 /* CubicBezier.swift in Sources */,
				49A7CEDE1BF2E02900BCA090 /* Animator.swift in Sources */,
				49A7CEEB1BF2E02900BCA090 /* LayerStrokeColorAnimation.swift in Sources */,
				49A7CEF51BF2E1C800BCA090 /* User.swift in Sources */,
				49A7CEE61BF2E02900BCA090 /* HideAnimation.swift in Sources */,
				49A7CEE81BF2E02900BCA090 /* Interpolatable.swift in Sources */,
				49A7CEE51BF2E02900BCA090 /* Filmstrip.swift in Sources */,
				49A7CEE21BF2E02900BCA090 /* CornerRadiusAnimation.swift in Sources */,
				49A7CEE01BF2E02900BCA090 /* ConstraintConstantAnimation.swift in Sources */,
				49CF58B71BF2CDF6000B0059 /* Constants.swift in Sources */,
				4925F5611BF27C7D00481D98 /* LoginViewController.swift in Sources */,
				49A7CEEE1BF2E02900BCA090 /* PathPositionAnimation.swift in Sources */,
				49A7CEDC1BF2E02900BCA090 /* AnimatedPagingScrollViewController.swift in Sources */,
				49CE03621BD56216000F76D7 /* ViewController.swift in Sources */,
				49CE03601BD56216000F76D7 /* AppDelegate.swift in Sources */,
				49A7CEE91BF2E02900BCA090 /* LabelTextColorAnimation.swift in Sources */,
				49A7CEEA1BF2E02900BCA090 /* LayerFillColorAnimation.swift in Sources */,
				49A7CEDB1BF2E02900BCA090 /* Animatable.swift in Sources */,
				49A7CEF11BF2E02900BCA090 /* ScrollViewPageConstraintAnimation.swift in Sources */,
				49A7CEF31BF2E02900BCA090 /* UIView+Transform.swift in Sources */,
				49A7CEE11BF2E02900BCA090 /* ConstraintMultiplierAnimation.swift in Sources */,
				49B297301BED26F600492550 /* IntroViewController.swift in Sources */,
				49A7CEE41BF2E02900BCA090 /* EasingFunction.swift in Sources */,
				49A7CEDF1BF2E02900BCA090 /* BackgroundColorAnimation.swift in Sources */,
				49A7CEF01BF2E02900BCA090 /* ScaleAnimation.swift in Sources */,
				49A7CEDD1BF2E02900BCA090 /* Animation.swift in Sources */,
				49A7CEED1BF2E02900BCA090 /* LayerStrokeStartAnimation.swift in Sources */,
				49A7CEDA1BF2E02900BCA090 /* AlphaAnimation.swift in Sources */,
				49A7CEF21BF2E02900BCA090 /* TranslationAnimation.swift in Sources */,
				49A7CEEC1BF2E02900BCA090 /* LayerStrokeEndAnimation.swift in Sources */,
			);
			runOnlyForDeploymentPostprocessing = 0;
		};
/* End PBXSourcesBuildPhase section */

/* Begin PBXVariantGroup section */
		49CE03631BD56216000F76D7 /* Main.storyboard */ = {
			isa = PBXVariantGroup;
			children = (
				49CE03641BD56216000F76D7 /* Base */,
			);
			name = Main.storyboard;
			sourceTree = "<group>";
		};
		49CE03681BD56216000F76D7 /* LaunchScreen.storyboard */ = {
			isa = PBXVariantGroup;
			children = (
				49CE03691BD56216000F76D7 /* Base */,
			);
			name = LaunchScreen.storyboard;
			sourceTree = "<group>";
		};
/* End PBXVariantGroup section */

/* Begin XCBuildConfiguration section */
		49CE03821BD56216000F76D7 /* Debug */ = {
			isa = XCBuildConfiguration;
			buildSettings = {
				ALWAYS_SEARCH_USER_PATHS = NO;
				CLANG_CXX_LANGUAGE_STANDARD = "gnu++0x";
				CLANG_CXX_LIBRARY = "libc++";
				CLANG_ENABLE_MODULES = YES;
				CLANG_ENABLE_OBJC_ARC = YES;
				CLANG_WARN_BOOL_CONVERSION = YES;
				CLANG_WARN_CONSTANT_CONVERSION = YES;
				CLANG_WARN_DIRECT_OBJC_ISA_USAGE = YES_ERROR;
				CLANG_WARN_EMPTY_BODY = YES;
				CLANG_WARN_ENUM_CONVERSION = YES;
				CLANG_WARN_INT_CONVERSION = YES;
				CLANG_WARN_OBJC_ROOT_CLASS = YES_ERROR;
				CLANG_WARN_UNREACHABLE_CODE = YES;
				CLANG_WARN__DUPLICATE_METHOD_MATCH = YES;
				"CODE_SIGN_IDENTITY[sdk=iphoneos*]" = "iPhone Developer";
				COPY_PHASE_STRIP = NO;
				DEBUG_INFORMATION_FORMAT = dwarf;
				ENABLE_STRICT_OBJC_MSGSEND = YES;
				ENABLE_TESTABILITY = YES;
				GCC_C_LANGUAGE_STANDARD = gnu99;
				GCC_DYNAMIC_NO_PIC = NO;
				GCC_NO_COMMON_BLOCKS = YES;
				GCC_OPTIMIZATION_LEVEL = 0;
				GCC_PREPROCESSOR_DEFINITIONS = (
					"DEBUG=1",
					"$(inherited)",
				);
				GCC_WARN_64_TO_32_BIT_CONVERSION = YES;
				GCC_WARN_ABOUT_RETURN_TYPE = YES_ERROR;
				GCC_WARN_UNDECLARED_SELECTOR = YES;
				GCC_WARN_UNINITIALIZED_AUTOS = YES_AGGRESSIVE;
				GCC_WARN_UNUSED_FUNCTION = YES;
				GCC_WARN_UNUSED_VARIABLE = YES;
				IPHONEOS_DEPLOYMENT_TARGET = 9.1;
				MTL_ENABLE_DEBUG_INFO = YES;
				ONLY_ACTIVE_ARCH = YES;
				SDKROOT = iphoneos;
				SWIFT_OPTIMIZATION_LEVEL = "-Onone";
				TARGETED_DEVICE_FAMILY = "1,2";
			};
			name = Debug;
		};
		49CE03831BD56216000F76D7 /* Release */ = {
			isa = XCBuildConfiguration;
			buildSettings = {
				ALWAYS_SEARCH_USER_PATHS = NO;
				CLANG_CXX_LANGUAGE_STANDARD = "gnu++0x";
				CLANG_CXX_LIBRARY = "libc++";
				CLANG_ENABLE_MODULES = YES;
				CLANG_ENABLE_OBJC_ARC = YES;
				CLANG_WARN_BOOL_CONVERSION = YES;
				CLANG_WARN_CONSTANT_CONVERSION = YES;
				CLANG_WARN_DIRECT_OBJC_ISA_USAGE = YES_ERROR;
				CLANG_WARN_EMPTY_BODY = YES;
				CLANG_WARN_ENUM_CONVERSION = YES;
				CLANG_WARN_INT_CONVERSION = YES;
				CLANG_WARN_OBJC_ROOT_CLASS = YES_ERROR;
				CLANG_WARN_UNREACHABLE_CODE = YES;
				CLANG_WARN__DUPLICATE_METHOD_MATCH = YES;
				"CODE_SIGN_IDENTITY[sdk=iphoneos*]" = "iPhone Developer";
				COPY_PHASE_STRIP = NO;
				DEBUG_INFORMATION_FORMAT = "dwarf-with-dsym";
				ENABLE_NS_ASSERTIONS = NO;
				ENABLE_STRICT_OBJC_MSGSEND = YES;
				GCC_C_LANGUAGE_STANDARD = gnu99;
				GCC_NO_COMMON_BLOCKS = YES;
				GCC_WARN_64_TO_32_BIT_CONVERSION = YES;
				GCC_WARN_ABOUT_RETURN_TYPE = YES_ERROR;
				GCC_WARN_UNDECLARED_SELECTOR = YES;
				GCC_WARN_UNINITIALIZED_AUTOS = YES_AGGRESSIVE;
				GCC_WARN_UNUSED_FUNCTION = YES;
				GCC_WARN_UNUSED_VARIABLE = YES;
				IPHONEOS_DEPLOYMENT_TARGET = 9.1;
				MTL_ENABLE_DEBUG_INFO = NO;
				SDKROOT = iphoneos;
				TARGETED_DEVICE_FAMILY = "1,2";
				VALIDATE_PRODUCT = YES;
			};
			name = Release;
		};
		49CE03851BD56216000F76D7 /* Debug */ = {
			isa = XCBuildConfiguration;
			buildSettings = {
				ASSETCATALOG_COMPILER_APPICON_NAME = AppIcon;
				CODE_SIGN_IDENTITY = "";
				FRAMEWORK_SEARCH_PATHS = (
					"$(inherited)",
					"$(PROJECT_DIR)/Frameworks",
				);
				INFOPLIST_FILE = Mobilize/Info.plist;
				IPHONEOS_DEPLOYMENT_TARGET = 9.1;
				LD_RUNPATH_SEARCH_PATHS = "$(inherited) @executable_path/Frameworks";
				PRODUCT_BUNDLE_IDENTIFIER = br.com.Mobilize;
				PRODUCT_NAME = "$(TARGET_NAME)";
				PROVISIONING_PROFILE = "114bf583-2777-42c7-824c-3978c6e152a1";
				TARGETED_DEVICE_FAMILY = 1;
			};
			name = Debug;
		};
		49CE03861BD56216000F76D7 /* Release */ = {
			isa = XCBuildConfiguration;
			buildSettings = {
				ASSETCATALOG_COMPILER_APPICON_NAME = AppIcon;
				CODE_SIGN_IDENTITY = "";
				FRAMEWORK_SEARCH_PATHS = (
					"$(inherited)",
					"$(PROJECT_DIR)/Frameworks",
				);
				INFOPLIST_FILE = Mobilize/Info.plist;
				IPHONEOS_DEPLOYMENT_TARGET = 9.1;
				LD_RUNPATH_SEARCH_PATHS = "$(inherited) @executable_path/Frameworks";
				PRODUCT_BUNDLE_IDENTIFIER = br.com.Mobilize;
				PRODUCT_NAME = "$(TARGET_NAME)";
				PROVISIONING_PROFILE = "114bf583-2777-42c7-824c-3978c6e152a1";
				TARGETED_DEVICE_FAMILY = 1;
			};
			name = Release;
		};
/* End XCBuildConfiguration section */

/* Begin XCConfigurationList section */
		49CE03571BD56216000F76D7 /* Build configuration list for PBXProject "Mobilize" */ = {
			isa = XCConfigurationList;
			buildConfigurations = (
				49CE03821BD56216000F76D7 /* Debug */,
				49CE03831BD56216000F76D7 /* Release */,
			);
			defaultConfigurationIsVisible = 0;
			defaultConfigurationName = Release;
		};
		49CE03841BD56216000F76D7 /* Build configuration list for PBXNativeTarget "Mobilize" */ = {
			isa = XCConfigurationList;
			buildConfigurations = (
				49CE03851BD56216000F76D7 /* Debug */,
				49CE03861BD56216000F76D7 /* Release */,
			);
			defaultConfigurationIsVisible = 0;
			defaultConfigurationName = Release;
		};
/* End XCConfigurationList section */
	};
	rootObject = 49CE03541BD56216000F76D7 /* Project object */;
}
