// !$*UTF8*$!
{
	archiveVersion = 1;
	classes = {
	};
	objectVersion = 46;
	objects = {

/* Begin PBXBuildFile section */
		42224B0D1C03B0020051255C /* dislike_55.2.png in Resources */ = {isa = PBXBuildFile; fileRef = 42224AFB1C03B0020051255C /* dislike_55.2.png */; };
		42224B0E1C03B0020051255C /* dislike_55.png in Resources */ = {isa = PBXBuildFile; fileRef = 42224AFC1C03B0020051255C /* dislike_55.png */; };
		42224B0F1C03B0020051255C /* dislike_110.2.png in Resources */ = {isa = PBXBuildFile; fileRef = 42224AFD1C03B0020051255C /* dislike_110.2.png */; };
		42224B101C03B0020051255C /* dislike_110.png in Resources */ = {isa = PBXBuildFile; fileRef = 42224AFE1C03B0020051255C /* dislike_110.png */; };
		42224B111C03B0020051255C /* dislike_220.2.png in Resources */ = {isa = PBXBuildFile; fileRef = 42224AFF1C03B0020051255C /* dislike_220.2.png */; };
		42224B121C03B0020051255C /* dislike_220.png in Resources */ = {isa = PBXBuildFile; fileRef = 42224B001C03B0020051255C /* dislike_220.png */; };
		42224B131C03B0020051255C /* fav_31.2.png in Resources */ = {isa = PBXBuildFile; fileRef = 42224B011C03B0020051255C /* fav_31.2.png */; };
		42224B141C03B0020051255C /* fav_31.png in Resources */ = {isa = PBXBuildFile; fileRef = 42224B021C03B0020051255C /* fav_31.png */; };
		42224B151C03B0020051255C /* fav_62.2.png in Resources */ = {isa = PBXBuildFile; fileRef = 42224B031C03B0020051255C /* fav_62.2.png */; };
		42224B161C03B0020051255C /* fav_62.png in Resources */ = {isa = PBXBuildFile; fileRef = 42224B041C03B0020051255C /* fav_62.png */; };
		42224B171C03B0020051255C /* fav_124.2.png in Resources */ = {isa = PBXBuildFile; fileRef = 42224B051C03B0020051255C /* fav_124.2.png */; };
		42224B181C03B0020051255C /* fav_124.png in Resources */ = {isa = PBXBuildFile; fileRef = 42224B061C03B0020051255C /* fav_124.png */; };
		42224B191C03B0020051255C /* like_55.2.png in Resources */ = {isa = PBXBuildFile; fileRef = 42224B071C03B0020051255C /* like_55.2.png */; };
		42224B1A1C03B0020051255C /* like_55.png in Resources */ = {isa = PBXBuildFile; fileRef = 42224B081C03B0020051255C /* like_55.png */; };
		42224B1B1C03B0020051255C /* like_110.2.png in Resources */ = {isa = PBXBuildFile; fileRef = 42224B091C03B0020051255C /* like_110.2.png */; };
		42224B1C1C03B0020051255C /* like_110.png in Resources */ = {isa = PBXBuildFile; fileRef = 42224B0A1C03B0020051255C /* like_110.png */; };
		42224B1D1C03B0020051255C /* like_220.2.png in Resources */ = {isa = PBXBuildFile; fileRef = 42224B0B1C03B0020051255C /* like_220.2.png */; };
		42224B1E1C03B0020051255C /* like_220.png in Resources */ = {isa = PBXBuildFile; fileRef = 42224B0C1C03B0020051255C /* like_220.png */; };
		42224B231C03B10E0051255C /* comment_58.png in Resources */ = {isa = PBXBuildFile; fileRef = 42224B201C03B10E0051255C /* comment_58.png */; };
		42224B241C03B10E0051255C /* comment_116.png in Resources */ = {isa = PBXBuildFile; fileRef = 42224B211C03B10E0051255C /* comment_116.png */; };
		42224B251C03B10E0051255C /* comment_232.png in Resources */ = {isa = PBXBuildFile; fileRef = 42224B221C03B10E0051255C /* comment_232.png */; };
		4925F5611BF27C7D00481D98 /* LoginViewController.swift in Sources */ = {isa = PBXBuildFile; fileRef = 4925F5601BF27C7D00481D98 /* LoginViewController.swift */; };
		493AF3861BF3E129004BADE4 /* Login.swift in Sources */ = {isa = PBXBuildFile; fileRef = 493AF3831BF3E129004BADE4 /* Login.swift */; };
		493AF3871BF3E129004BADE4 /* NewProposal.swift in Sources */ = {isa = PBXBuildFile; fileRef = 493AF3841BF3E129004BADE4 /* NewProposal.swift */; };
		493AF3881BF3E129004BADE4 /* Propostas.swift in Sources */ = {isa = PBXBuildFile; fileRef = 493AF3851BF3E129004BADE4 /* Propostas.swift */; };
		493AF38C1BF3E20E004BADE4 /* CategoryCellTableViewCell.swift in Sources */ = {isa = PBXBuildFile; fileRef = 493AF3891BF3E20E004BADE4 /* CategoryCellTableViewCell.swift */; };
		493AF38D1BF3E20E004BADE4 /* CustomCell.swift in Sources */ = {isa = PBXBuildFile; fileRef = 493AF38A1BF3E20E004BADE4 /* CustomCell.swift */; };
		493AF38E1BF3E20E004BADE4 /* ThemesCategory.swift in Sources */ = {isa = PBXBuildFile; fileRef = 493AF38B1BF3E20E004BADE4 /* ThemesCategory.swift */; };
		493AF3911BF3E248004BADE4 /* CategoryCell.xib in Resources */ = {isa = PBXBuildFile; fileRef = 493AF38F1BF3E248004BADE4 /* CategoryCell.xib */; };
		493AF3921BF3E248004BADE4 /* CustomCell.xib in Resources */ = {isa = PBXBuildFile; fileRef = 493AF3901BF3E248004BADE4 /* CustomCell.xib */; };
		4969F3001BEBC5E6000B0ED7 /* Bolts.framework in Frameworks */ = {isa = PBXBuildFile; fileRef = 4969F2F91BEBC5E6000B0ED7 /* Bolts.framework */; };
		4969F3011BEBC5E7000B0ED7 /* Parse.framework in Frameworks */ = {isa = PBXBuildFile; fileRef = 4969F2FA1BEBC5E6000B0ED7 /* Parse.framework */; };
		4969F3081BEBC699000B0ED7 /* AudioToolbox.framework in Frameworks */ = {isa = PBXBuildFile; fileRef = 4969F3071BEBC699000B0ED7 /* AudioToolbox.framework */; };
		4969F30A1BEBC6A1000B0ED7 /* CFNetwork.framework in Frameworks */ = {isa = PBXBuildFile; fileRef = 4969F3091BEBC6A1000B0ED7 /* CFNetwork.framework */; };
		4969F30C1BEBC6AB000B0ED7 /* CoreGraphics.framework in Frameworks */ = {isa = PBXBuildFile; fileRef = 4969F30B1BEBC6AB000B0ED7 /* CoreGraphics.framework */; };
		4969F30E1BEBC6BA000B0ED7 /* CoreLocation.framework in Frameworks */ = {isa = PBXBuildFile; fileRef = 4969F30D1BEBC6BA000B0ED7 /* CoreLocation.framework */; };
		4969F3101BEBC6C3000B0ED7 /* QuartzCore.framework in Frameworks */ = {isa = PBXBuildFile; fileRef = 4969F30F1BEBC6C3000B0ED7 /* QuartzCore.framework */; };
		4969F3121BEBC6CB000B0ED7 /* Security.framework in Frameworks */ = {isa = PBXBuildFile; fileRef = 4969F3111BEBC6CB000B0ED7 /* Security.framework */; };
		4969F3161BEBC6DF000B0ED7 /* SystemConfiguration.framework in Frameworks */ = {isa = PBXBuildFile; fileRef = 4969F3151BEBC6DF000B0ED7 /* SystemConfiguration.framework */; };
		4969F3181BEBC6E7000B0ED7 /* libz.tbd in Frameworks */ = {isa = PBXBuildFile; fileRef = 4969F3171BEBC6E7000B0ED7 /* libz.tbd */; };
		4969F31A1BEBC6EF000B0ED7 /* libsqlite3.tbd in Frameworks */ = {isa = PBXBuildFile; fileRef = 4969F3191BEBC6EF000B0ED7 /* libsqlite3.tbd */; };
		49873EB01BF3DBEF004E4424 /* SWRevealViewController.m in Sources */ = {isa = PBXBuildFile; fileRef = 49873EAF1BF3DBEF004E4424 /* SWRevealViewController.m */; };
		498AA1DC1BF3D3CF002882E1 /* AlphaAnimation.swift in Sources */ = {isa = PBXBuildFile; fileRef = 498AA1BD1BF3D3CF002882E1 /* AlphaAnimation.swift */; };
		498AA1DD1BF3D3CF002882E1 /* Animatable.swift in Sources */ = {isa = PBXBuildFile; fileRef = 498AA1BE1BF3D3CF002882E1 /* Animatable.swift */; };
		498AA1DE1BF3D3CF002882E1 /* AnimatedPagingScrollViewController.swift in Sources */ = {isa = PBXBuildFile; fileRef = 498AA1BF1BF3D3CF002882E1 /* AnimatedPagingScrollViewController.swift */; };
		498AA1DF1BF3D3CF002882E1 /* Animation.swift in Sources */ = {isa = PBXBuildFile; fileRef = 498AA1C01BF3D3CF002882E1 /* Animation.swift */; };
		498AA1E01BF3D3CF002882E1 /* Animator.swift in Sources */ = {isa = PBXBuildFile; fileRef = 498AA1C11BF3D3CF002882E1 /* Animator.swift */; };
		498AA1E11BF3D3CF002882E1 /* BackgroundColorAnimation.swift in Sources */ = {isa = PBXBuildFile; fileRef = 498AA1C21BF3D3CF002882E1 /* BackgroundColorAnimation.swift */; };
		498AA1E21BF3D3CF002882E1 /* ConstraintConstantAnimation.swift in Sources */ = {isa = PBXBuildFile; fileRef = 498AA1C31BF3D3CF002882E1 /* ConstraintConstantAnimation.swift */; };
		498AA1E31BF3D3CF002882E1 /* ConstraintMultiplierAnimation.swift in Sources */ = {isa = PBXBuildFile; fileRef = 498AA1C41BF3D3CF002882E1 /* ConstraintMultiplierAnimation.swift */; };
		498AA1E41BF3D3CF002882E1 /* CornerRadiusAnimation.swift in Sources */ = {isa = PBXBuildFile; fileRef = 498AA1C51BF3D3CF002882E1 /* CornerRadiusAnimation.swift */; };
		498AA1E51BF3D3CF002882E1 /* CubicBezier.swift in Sources */ = {isa = PBXBuildFile; fileRef = 498AA1C61BF3D3CF002882E1 /* CubicBezier.swift */; };
		498AA1E61BF3D3CF002882E1 /* EasingFunction.swift in Sources */ = {isa = PBXBuildFile; fileRef = 498AA1C71BF3D3CF002882E1 /* EasingFunction.swift */; };
		498AA1E71BF3D3CF002882E1 /* Filmstrip.swift in Sources */ = {isa = PBXBuildFile; fileRef = 498AA1C81BF3D3CF002882E1 /* Filmstrip.swift */; };
		498AA1E81BF3D3CF002882E1 /* HideAnimation.swift in Sources */ = {isa = PBXBuildFile; fileRef = 498AA1C91BF3D3CF002882E1 /* HideAnimation.swift */; };
		498AA1E91BF3D3CF002882E1 /* Info.plist in Resources */ = {isa = PBXBuildFile; fileRef = 498AA1CA1BF3D3CF002882E1 /* Info.plist */; };
		498AA1EA1BF3D3CF002882E1 /* Interpolatable.swift in Sources */ = {isa = PBXBuildFile; fileRef = 498AA1CB1BF3D3CF002882E1 /* Interpolatable.swift */; };
		498AA1EB1BF3D3CF002882E1 /* LabelTextColorAnimation.swift in Sources */ = {isa = PBXBuildFile; fileRef = 498AA1CC1BF3D3CF002882E1 /* LabelTextColorAnimation.swift */; };
		498AA1EC1BF3D3CF002882E1 /* LayerFillColorAnimation.swift in Sources */ = {isa = PBXBuildFile; fileRef = 498AA1CD1BF3D3CF002882E1 /* LayerFillColorAnimation.swift */; };
		498AA1ED1BF3D3CF002882E1 /* LayerStrokeColorAnimation.swift in Sources */ = {isa = PBXBuildFile; fileRef = 498AA1CE1BF3D3CF002882E1 /* LayerStrokeColorAnimation.swift */; };
		498AA1EE1BF3D3CF002882E1 /* LayerStrokeEndAnimation.swift in Sources */ = {isa = PBXBuildFile; fileRef = 498AA1CF1BF3D3CF002882E1 /* LayerStrokeEndAnimation.swift */; };
		498AA1EF1BF3D3CF002882E1 /* LayerStrokeStartAnimation.swift in Sources */ = {isa = PBXBuildFile; fileRef = 498AA1D01BF3D3CF002882E1 /* LayerStrokeStartAnimation.swift */; };
		498AA1F01BF3D3CF002882E1 /* PathPositionAnimation.swift in Sources */ = {isa = PBXBuildFile; fileRef = 498AA1D11BF3D3CF002882E1 /* PathPositionAnimation.swift */; };
		498AA1F11BF3D3CF002882E1 /* RotationAnimation.swift in Sources */ = {isa = PBXBuildFile; fileRef = 498AA1D31BF3D3CF002882E1 /* RotationAnimation.swift */; };
		498AA1F21BF3D3CF002882E1 /* ScaleAnimation.swift in Sources */ = {isa = PBXBuildFile; fileRef = 498AA1D41BF3D3CF002882E1 /* ScaleAnimation.swift */; };
		498AA1F31BF3D3CF002882E1 /* ScrollViewPageConstraintAnimation.swift in Sources */ = {isa = PBXBuildFile; fileRef = 498AA1D51BF3D3CF002882E1 /* ScrollViewPageConstraintAnimation.swift */; };
		498AA1F41BF3D3CF002882E1 /* TranslationAnimation.swift in Sources */ = {isa = PBXBuildFile; fileRef = 498AA1D61BF3D3CF002882E1 /* TranslationAnimation.swift */; };
		498AA1F51BF3D3CF002882E1 /* UIView+Transform.swift in Sources */ = {isa = PBXBuildFile; fileRef = 498AA1D71BF3D3CF002882E1 /* UIView+Transform.swift */; };
		49A4E8141BF3DAD40059D441 /* ParseFacebookUtilsV4.framework in Frameworks */ = {isa = PBXBuildFile; fileRef = 49A4E8131BF3DAD40059D441 /* ParseFacebookUtilsV4.framework */; };
		49A7CEF51BF2E1C800BCA090 /* User.swift in Sources */ = {isa = PBXBuildFile; fileRef = 49A7CEF41BF2E1C800BCA090 /* User.swift */; };
		49A7CF2E1BF2E3D700BCA090 /* libstdc++.6.tbd in Frameworks */ = {isa = PBXBuildFile; fileRef = 49A7CF2D1BF2E3D700BCA090 /* libstdc++.6.tbd */; };
		49A7CF311BF3B36900BCA090 /* PurposesViewController.swift in Sources */ = {isa = PBXBuildFile; fileRef = 49A7CF301BF3B36900BCA090 /* PurposesViewController.swift */; };
		49A7CF341BF3B38900BCA090 /* UserNotification.swift in Sources */ = {isa = PBXBuildFile; fileRef = 49A7CF331BF3B38900BCA090 /* UserNotification.swift */; };
		49A7CF361BF3B39C00BCA090 /* NotificationsViewController.swift in Sources */ = {isa = PBXBuildFile; fileRef = 49A7CF351BF3B39C00BCA090 /* NotificationsViewController.swift */; };
		49A7CF381BF3B3AC00BCA090 /* SettingsViewController.swift in Sources */ = {isa = PBXBuildFile; fileRef = 49A7CF371BF3B3AC00BCA090 /* SettingsViewController.swift */; };
		49A7CF3A1BF3B89F00BCA090 /* RegisterViewController.swift in Sources */ = {isa = PBXBuildFile; fileRef = 49A7CF391BF3B89F00BCA090 /* RegisterViewController.swift */; };
		49B297301BED26F600492550 /* IntroViewController.swift in Sources */ = {isa = PBXBuildFile; fileRef = 49B2972F1BED26F600492550 /* IntroViewController.swift */; };
		49CE03601BD56216000F76D7 /* AppDelegate.swift in Sources */ = {isa = PBXBuildFile; fileRef = 49CE035F1BD56216000F76D7 /* AppDelegate.swift */; };
		49CE03621BD56216000F76D7 /* MainViewController.swift in Sources */ = {isa = PBXBuildFile; fileRef = 49CE03611BD56216000F76D7 /* MainViewController.swift */; };
		49CE03651BD56216000F76D7 /* Main.storyboard in Resources */ = {isa = PBXBuildFile; fileRef = 49CE03631BD56216000F76D7 /* Main.storyboard */; };
		49CE03671BD56216000F76D7 /* Assets.xcassets in Resources */ = {isa = PBXBuildFile; fileRef = 49CE03661BD56216000F76D7 /* Assets.xcassets */; };
		49CE036A1BD56216000F76D7 /* LaunchScreen.storyboard in Resources */ = {isa = PBXBuildFile; fileRef = 49CE03681BD56216000F76D7 /* LaunchScreen.storyboard */; };
		49CE038E1BD56400000F76D7 /* README.md in Resources */ = {isa = PBXBuildFile; fileRef = 49CE038D1BD56400000F76D7 /* README.md */; };
		49CF58B71BF2CDF6000B0059 /* Constants.swift in Sources */ = {isa = PBXBuildFile; fileRef = 49CF58B61BF2CDF6000B0059 /* Constants.swift */; };
		65112E2E1BFA1DCD00350721 /* ProposalCell.xib in Resources */ = {isa = PBXBuildFile; fileRef = 65112E2D1BFA1DCD00350721 /* ProposalCell.xib */; };
		65112E321BFA371E00350721 /* CommentCountCell.xib in Resources */ = {isa = PBXBuildFile; fileRef = 65112E311BFA371E00350721 /* CommentCountCell.xib */; };
		65112E341BFA382D00350721 /* CommentCell.xib in Resources */ = {isa = PBXBuildFile; fileRef = 65112E331BFA382D00350721 /* CommentCell.xib */; };
		65112E361BFAC58900350721 /* NotificationCell.xib in Resources */ = {isa = PBXBuildFile; fileRef = 65112E351BFAC58900350721 /* NotificationCell.xib */; };
		65112E381BFB865600350721 /* ProposalDetailedCell.swift in Sources */ = {isa = PBXBuildFile; fileRef = 65112E371BFB865600350721 /* ProposalDetailedCell.swift */; };
		65112E3A1BFB87E000350721 /* CommentsCountCell.swift in Sources */ = {isa = PBXBuildFile; fileRef = 65112E391BFB87E000350721 /* CommentsCountCell.swift */; };
		65112E3C1BFB886700350721 /* CommentCell.swift in Sources */ = {isa = PBXBuildFile; fileRef = 65112E3B1BFB886700350721 /* CommentCell.swift */; };
		65112E3E1BFB891000350721 /* NotificationCell.swift in Sources */ = {isa = PBXBuildFile; fileRef = 65112E3D1BFB891000350721 /* NotificationCell.swift */; };
		65112E421BFBC9B200350721 /* SingletonDelegate.swift in Sources */ = {isa = PBXBuildFile; fileRef = 65112E411BFBC9B200350721 /* SingletonDelegate.swift */; };
		65112E441BFCEEA900350721 /* ProposalDetailed.swift in Sources */ = {isa = PBXBuildFile; fileRef = 65112E431BFCEEA900350721 /* ProposalDetailed.swift */; };
		65112E481BFFA3EA00350721 /* AgreeSupportView.xib in Resources */ = {isa = PBXBuildFile; fileRef = 65112E471BFFA3EA00350721 /* AgreeSupportView.xib */; };
		652C139B1C0E03B70003FD92 /* NotificationSetting.xib in Resources */ = {isa = PBXBuildFile; fileRef = 652C139A1C0E03B70003FD92 /* NotificationSetting.xib */; };
		652C139F1C0E057A0003FD92 /* NotificationSettings.swift in Sources */ = {isa = PBXBuildFile; fileRef = 652C139E1C0E057A0003FD92 /* NotificationSettings.swift */; };
		652C13A21C0E35220003FD92 /* SignUpViewController.swift in Sources */ = {isa = PBXBuildFile; fileRef = 652C13A11C0E35220003FD92 /* SignUpViewController.swift */; };
		65798E9F1BF3E331007A3E51 /* keys.plist in Resources */ = {isa = PBXBuildFile; fileRef = 65798E9E1BF3E331007A3E51 /* keys.plist */; };
		65798EAB1BF66CAE007A3E51 /* SharedValues.swift in Sources */ = {isa = PBXBuildFile; fileRef = 65798EAA1BF66CAE007A3E51 /* SharedValues.swift */; };
		65AEF02A1C08CF680065E186 /* AccountCell.xib in Resources */ = {isa = PBXBuildFile; fileRef = 65AEF0291C08CF680065E186 /* AccountCell.xib */; };
		65AEF02C1C08D12C0065E186 /* AccountCell.swift in Sources */ = {isa = PBXBuildFile; fileRef = 65AEF02B1C08D12C0065E186 /* AccountCell.swift */; };
		65AEF02E1C08D2B40065E186 /* AccountViewController.swift in Sources */ = {isa = PBXBuildFile; fileRef = 65AEF02D1C08D2B40065E186 /* AccountViewController.swift */; };
		65C0B2E01C0541510010ABED /* SettingsPicture.xib in Resources */ = {isa = PBXBuildFile; fileRef = 65C0B2DF1C0541510010ABED /* SettingsPicture.xib */; };
		65C0B2E21C0543860010ABED /* SettingsGroup1.xib in Resources */ = {isa = PBXBuildFile; fileRef = 65C0B2E11C0543860010ABED /* SettingsGroup1.xib */; };
		65C0B2E41C0545120010ABED /* SettingsGroup2.xib in Resources */ = {isa = PBXBuildFile; fileRef = 65C0B2E31C0545120010ABED /* SettingsGroup2.xib */; };
		65C0B2E61C054E550010ABED /* SettingsPicture.swift in Sources */ = {isa = PBXBuildFile; fileRef = 65C0B2E51C054E550010ABED /* SettingsPicture.swift */; };
		65C0B2E81C054E690010ABED /* SettingsGroup1.swift in Sources */ = {isa = PBXBuildFile; fileRef = 65C0B2E71C054E690010ABED /* SettingsGroup1.swift */; };
		65C0B2EA1C054E7B0010ABED /* SettingsGroup2.swift in Sources */ = {isa = PBXBuildFile; fileRef = 65C0B2E91C054E7B0010ABED /* SettingsGroup2.swift */; };
		65C0B2ED1C0600B50010ABED /* FBSDKCoreKit.framework in Frameworks */ = {isa = PBXBuildFile; fileRef = 65C0B2EB1C0600B50010ABED /* FBSDKCoreKit.framework */; };
		65C0B2EE1C0600B50010ABED /* FBSDKLoginKit.framework in Frameworks */ = {isa = PBXBuildFile; fileRef = 65C0B2EC1C0600B50010ABED /* FBSDKLoginKit.framework */; };
/* End PBXBuildFile section */

/* Begin PBXFileReference section */
		42224AFB1C03B0020051255C /* dislike_55.2.png */ = {isa = PBXFileReference; lastKnownFileType = image.png; path = dislike_55.2.png; sourceTree = "<group>"; };
		42224AFC1C03B0020051255C /* dislike_55.png */ = {isa = PBXFileReference; lastKnownFileType = image.png; path = dislike_55.png; sourceTree = "<group>"; };
		42224AFD1C03B0020051255C /* dislike_110.2.png */ = {isa = PBXFileReference; lastKnownFileType = image.png; path = dislike_110.2.png; sourceTree = "<group>"; };
		42224AFE1C03B0020051255C /* dislike_110.png */ = {isa = PBXFileReference; lastKnownFileType = image.png; path = dislike_110.png; sourceTree = "<group>"; };
		42224AFF1C03B0020051255C /* dislike_220.2.png */ = {isa = PBXFileReference; lastKnownFileType = image.png; path = dislike_220.2.png; sourceTree = "<group>"; };
		42224B001C03B0020051255C /* dislike_220.png */ = {isa = PBXFileReference; lastKnownFileType = image.png; path = dislike_220.png; sourceTree = "<group>"; };
		42224B011C03B0020051255C /* fav_31.2.png */ = {isa = PBXFileReference; lastKnownFileType = image.png; path = fav_31.2.png; sourceTree = "<group>"; };
		42224B021C03B0020051255C /* fav_31.png */ = {isa = PBXFileReference; lastKnownFileType = image.png; path = fav_31.png; sourceTree = "<group>"; };
		42224B031C03B0020051255C /* fav_62.2.png */ = {isa = PBXFileReference; lastKnownFileType = image.png; path = fav_62.2.png; sourceTree = "<group>"; };
		42224B041C03B0020051255C /* fav_62.png */ = {isa = PBXFileReference; lastKnownFileType = image.png; path = fav_62.png; sourceTree = "<group>"; };
		42224B051C03B0020051255C /* fav_124.2.png */ = {isa = PBXFileReference; lastKnownFileType = image.png; path = fav_124.2.png; sourceTree = "<group>"; };
		42224B061C03B0020051255C /* fav_124.png */ = {isa = PBXFileReference; lastKnownFileType = image.png; path = fav_124.png; sourceTree = "<group>"; };
		42224B071C03B0020051255C /* like_55.2.png */ = {isa = PBXFileReference; lastKnownFileType = image.png; path = like_55.2.png; sourceTree = "<group>"; };
		42224B081C03B0020051255C /* like_55.png */ = {isa = PBXFileReference; lastKnownFileType = image.png; path = like_55.png; sourceTree = "<group>"; };
		42224B091C03B0020051255C /* like_110.2.png */ = {isa = PBXFileReference; lastKnownFileType = image.png; path = like_110.2.png; sourceTree = "<group>"; };
		42224B0A1C03B0020051255C /* like_110.png */ = {isa = PBXFileReference; lastKnownFileType = image.png; path = like_110.png; sourceTree = "<group>"; };
		42224B0B1C03B0020051255C /* like_220.2.png */ = {isa = PBXFileReference; lastKnownFileType = image.png; path = like_220.2.png; sourceTree = "<group>"; };
		42224B0C1C03B0020051255C /* like_220.png */ = {isa = PBXFileReference; lastKnownFileType = image.png; path = like_220.png; sourceTree = "<group>"; };
		42224B201C03B10E0051255C /* comment_58.png */ = {isa = PBXFileReference; lastKnownFileType = image.png; path = comment_58.png; sourceTree = "<group>"; };
		42224B211C03B10E0051255C /* comment_116.png */ = {isa = PBXFileReference; lastKnownFileType = image.png; path = comment_116.png; sourceTree = "<group>"; };
		42224B221C03B10E0051255C /* comment_232.png */ = {isa = PBXFileReference; lastKnownFileType = image.png; path = comment_232.png; sourceTree = "<group>"; };
		4925F5601BF27C7D00481D98 /* LoginViewController.swift */ = {isa = PBXFileReference; fileEncoding = 4; lastKnownFileType = sourcecode.swift; path = LoginViewController.swift; sourceTree = "<group>"; };
		493AF3831BF3E129004BADE4 /* Login.swift */ = {isa = PBXFileReference; fileEncoding = 4; lastKnownFileType = sourcecode.swift; path = Login.swift; sourceTree = "<group>"; };
		493AF3841BF3E129004BADE4 /* NewProposal.swift */ = {isa = PBXFileReference; fileEncoding = 4; lastKnownFileType = sourcecode.swift; path = NewProposal.swift; sourceTree = "<group>"; };
		493AF3851BF3E129004BADE4 /* Propostas.swift */ = {isa = PBXFileReference; fileEncoding = 4; lastKnownFileType = sourcecode.swift; path = Propostas.swift; sourceTree = "<group>"; };
		493AF3891BF3E20E004BADE4 /* CategoryCellTableViewCell.swift */ = {isa = PBXFileReference; fileEncoding = 4; lastKnownFileType = sourcecode.swift; path = CategoryCellTableViewCell.swift; sourceTree = "<group>"; };
		493AF38A1BF3E20E004BADE4 /* CustomCell.swift */ = {isa = PBXFileReference; fileEncoding = 4; lastKnownFileType = sourcecode.swift; path = CustomCell.swift; sourceTree = "<group>"; };
		493AF38B1BF3E20E004BADE4 /* ThemesCategory.swift */ = {isa = PBXFileReference; fileEncoding = 4; lastKnownFileType = sourcecode.swift; path = ThemesCategory.swift; sourceTree = "<group>"; };
		493AF38F1BF3E248004BADE4 /* CategoryCell.xib */ = {isa = PBXFileReference; fileEncoding = 4; lastKnownFileType = file.xib; path = CategoryCell.xib; sourceTree = "<group>"; };
		493AF3901BF3E248004BADE4 /* CustomCell.xib */ = {isa = PBXFileReference; fileEncoding = 4; lastKnownFileType = file.xib; path = CustomCell.xib; sourceTree = "<group>"; };
		4969F2F91BEBC5E6000B0ED7 /* Bolts.framework */ = {isa = PBXFileReference; lastKnownFileType = wrapper.framework; path = Bolts.framework; sourceTree = "<group>"; };
		4969F2FA1BEBC5E6000B0ED7 /* Parse.framework */ = {isa = PBXFileReference; lastKnownFileType = wrapper.framework; path = Parse.framework; sourceTree = "<group>"; };
		4969F3071BEBC699000B0ED7 /* AudioToolbox.framework */ = {isa = PBXFileReference; lastKnownFileType = wrapper.framework; name = AudioToolbox.framework; path = System/Library/Frameworks/AudioToolbox.framework; sourceTree = SDKROOT; };
		4969F3091BEBC6A1000B0ED7 /* CFNetwork.framework */ = {isa = PBXFileReference; lastKnownFileType = wrapper.framework; name = CFNetwork.framework; path = System/Library/Frameworks/CFNetwork.framework; sourceTree = SDKROOT; };
		4969F30B1BEBC6AB000B0ED7 /* CoreGraphics.framework */ = {isa = PBXFileReference; lastKnownFileType = wrapper.framework; name = CoreGraphics.framework; path = System/Library/Frameworks/CoreGraphics.framework; sourceTree = SDKROOT; };
		4969F30D1BEBC6BA000B0ED7 /* CoreLocation.framework */ = {isa = PBXFileReference; lastKnownFileType = wrapper.framework; name = CoreLocation.framework; path = System/Library/Frameworks/CoreLocation.framework; sourceTree = SDKROOT; };
		4969F30F1BEBC6C3000B0ED7 /* QuartzCore.framework */ = {isa = PBXFileReference; lastKnownFileType = wrapper.framework; name = QuartzCore.framework; path = System/Library/Frameworks/QuartzCore.framework; sourceTree = SDKROOT; };
		4969F3111BEBC6CB000B0ED7 /* Security.framework */ = {isa = PBXFileReference; lastKnownFileType = wrapper.framework; name = Security.framework; path = System/Library/Frameworks/Security.framework; sourceTree = SDKROOT; };
		4969F3151BEBC6DF000B0ED7 /* SystemConfiguration.framework */ = {isa = PBXFileReference; lastKnownFileType = wrapper.framework; name = SystemConfiguration.framework; path = System/Library/Frameworks/SystemConfiguration.framework; sourceTree = SDKROOT; };
		4969F3171BEBC6E7000B0ED7 /* libz.tbd */ = {isa = PBXFileReference; lastKnownFileType = "sourcecode.text-based-dylib-definition"; name = libz.tbd; path = usr/lib/libz.tbd; sourceTree = SDKROOT; };
		4969F3191BEBC6EF000B0ED7 /* libsqlite3.tbd */ = {isa = PBXFileReference; lastKnownFileType = "sourcecode.text-based-dylib-definition"; name = libsqlite3.tbd; path = usr/lib/libsqlite3.tbd; sourceTree = SDKROOT; };
		49873EAD1BF3DBEF004E4424 /* Mobilize-Bridging-Header.h */ = {isa = PBXFileReference; fileEncoding = 4; lastKnownFileType = sourcecode.c.h; name = "Mobilize-Bridging-Header.h"; path = "Mobilize/Mobilize-Bridging-Header.h"; sourceTree = SOURCE_ROOT; };
		49873EAE1BF3DBEF004E4424 /* SWRevealViewController.h */ = {isa = PBXFileReference; fileEncoding = 4; lastKnownFileType = sourcecode.c.h; name = SWRevealViewController.h; path = Mobilize/SWRevealViewController.h; sourceTree = SOURCE_ROOT; };
		49873EAF1BF3DBEF004E4424 /* SWRevealViewController.m */ = {isa = PBXFileReference; fileEncoding = 4; lastKnownFileType = sourcecode.c.objc; name = SWRevealViewController.m; path = Mobilize/SWRevealViewController.m; sourceTree = SOURCE_ROOT; };
		498AA1BD1BF3D3CF002882E1 /* AlphaAnimation.swift */ = {isa = PBXFileReference; fileEncoding = 4; lastKnownFileType = sourcecode.swift; path = AlphaAnimation.swift; sourceTree = "<group>"; };
		498AA1BE1BF3D3CF002882E1 /* Animatable.swift */ = {isa = PBXFileReference; fileEncoding = 4; lastKnownFileType = sourcecode.swift; path = Animatable.swift; sourceTree = "<group>"; };
		498AA1BF1BF3D3CF002882E1 /* AnimatedPagingScrollViewController.swift */ = {isa = PBXFileReference; fileEncoding = 4; lastKnownFileType = sourcecode.swift; path = AnimatedPagingScrollViewController.swift; sourceTree = "<group>"; };
		498AA1C01BF3D3CF002882E1 /* Animation.swift */ = {isa = PBXFileReference; fileEncoding = 4; lastKnownFileType = sourcecode.swift; path = Animation.swift; sourceTree = "<group>"; };
		498AA1C11BF3D3CF002882E1 /* Animator.swift */ = {isa = PBXFileReference; fileEncoding = 4; lastKnownFileType = sourcecode.swift; path = Animator.swift; sourceTree = "<group>"; };
		498AA1C21BF3D3CF002882E1 /* BackgroundColorAnimation.swift */ = {isa = PBXFileReference; fileEncoding = 4; lastKnownFileType = sourcecode.swift; path = BackgroundColorAnimation.swift; sourceTree = "<group>"; };
		498AA1C31BF3D3CF002882E1 /* ConstraintConstantAnimation.swift */ = {isa = PBXFileReference; fileEncoding = 4; lastKnownFileType = sourcecode.swift; path = ConstraintConstantAnimation.swift; sourceTree = "<group>"; };
		498AA1C41BF3D3CF002882E1 /* ConstraintMultiplierAnimation.swift */ = {isa = PBXFileReference; fileEncoding = 4; lastKnownFileType = sourcecode.swift; path = ConstraintMultiplierAnimation.swift; sourceTree = "<group>"; };
		498AA1C51BF3D3CF002882E1 /* CornerRadiusAnimation.swift */ = {isa = PBXFileReference; fileEncoding = 4; lastKnownFileType = sourcecode.swift; path = CornerRadiusAnimation.swift; sourceTree = "<group>"; };
		498AA1C61BF3D3CF002882E1 /* CubicBezier.swift */ = {isa = PBXFileReference; fileEncoding = 4; lastKnownFileType = sourcecode.swift; path = CubicBezier.swift; sourceTree = "<group>"; };
		498AA1C71BF3D3CF002882E1 /* EasingFunction.swift */ = {isa = PBXFileReference; fileEncoding = 4; lastKnownFileType = sourcecode.swift; path = EasingFunction.swift; sourceTree = "<group>"; };
		498AA1C81BF3D3CF002882E1 /* Filmstrip.swift */ = {isa = PBXFileReference; fileEncoding = 4; lastKnownFileType = sourcecode.swift; path = Filmstrip.swift; sourceTree = "<group>"; };
		498AA1C91BF3D3CF002882E1 /* HideAnimation.swift */ = {isa = PBXFileReference; fileEncoding = 4; lastKnownFileType = sourcecode.swift; path = HideAnimation.swift; sourceTree = "<group>"; };
		498AA1CA1BF3D3CF002882E1 /* Info.plist */ = {isa = PBXFileReference; fileEncoding = 4; lastKnownFileType = text.plist.xml; path = Info.plist; sourceTree = "<group>"; };
		498AA1CB1BF3D3CF002882E1 /* Interpolatable.swift */ = {isa = PBXFileReference; fileEncoding = 4; lastKnownFileType = sourcecode.swift; path = Interpolatable.swift; sourceTree = "<group>"; };
		498AA1CC1BF3D3CF002882E1 /* LabelTextColorAnimation.swift */ = {isa = PBXFileReference; fileEncoding = 4; lastKnownFileType = sourcecode.swift; path = LabelTextColorAnimation.swift; sourceTree = "<group>"; };
		498AA1CD1BF3D3CF002882E1 /* LayerFillColorAnimation.swift */ = {isa = PBXFileReference; fileEncoding = 4; lastKnownFileType = sourcecode.swift; path = LayerFillColorAnimation.swift; sourceTree = "<group>"; };
		498AA1CE1BF3D3CF002882E1 /* LayerStrokeColorAnimation.swift */ = {isa = PBXFileReference; fileEncoding = 4; lastKnownFileType = sourcecode.swift; path = LayerStrokeColorAnimation.swift; sourceTree = "<group>"; };
		498AA1CF1BF3D3CF002882E1 /* LayerStrokeEndAnimation.swift */ = {isa = PBXFileReference; fileEncoding = 4; lastKnownFileType = sourcecode.swift; path = LayerStrokeEndAnimation.swift; sourceTree = "<group>"; };
		498AA1D01BF3D3CF002882E1 /* LayerStrokeStartAnimation.swift */ = {isa = PBXFileReference; fileEncoding = 4; lastKnownFileType = sourcecode.swift; path = LayerStrokeStartAnimation.swift; sourceTree = "<group>"; };
		498AA1D11BF3D3CF002882E1 /* PathPositionAnimation.swift */ = {isa = PBXFileReference; fileEncoding = 4; lastKnownFileType = sourcecode.swift; path = PathPositionAnimation.swift; sourceTree = "<group>"; };
		498AA1D21BF3D3CF002882E1 /* RazzleDazzle.h */ = {isa = PBXFileReference; fileEncoding = 4; lastKnownFileType = sourcecode.c.h; path = RazzleDazzle.h; sourceTree = "<group>"; };
		498AA1D31BF3D3CF002882E1 /* RotationAnimation.swift */ = {isa = PBXFileReference; fileEncoding = 4; lastKnownFileType = sourcecode.swift; path = RotationAnimation.swift; sourceTree = "<group>"; };
		498AA1D41BF3D3CF002882E1 /* ScaleAnimation.swift */ = {isa = PBXFileReference; fileEncoding = 4; lastKnownFileType = sourcecode.swift; path = ScaleAnimation.swift; sourceTree = "<group>"; };
		498AA1D51BF3D3CF002882E1 /* ScrollViewPageConstraintAnimation.swift */ = {isa = PBXFileReference; fileEncoding = 4; lastKnownFileType = sourcecode.swift; path = ScrollViewPageConstraintAnimation.swift; sourceTree = "<group>"; };
		498AA1D61BF3D3CF002882E1 /* TranslationAnimation.swift */ = {isa = PBXFileReference; fileEncoding = 4; lastKnownFileType = sourcecode.swift; path = TranslationAnimation.swift; sourceTree = "<group>"; };
		498AA1D71BF3D3CF002882E1 /* UIView+Transform.swift */ = {isa = PBXFileReference; fileEncoding = 4; lastKnownFileType = sourcecode.swift; path = "UIView+Transform.swift"; sourceTree = "<group>"; };
		49A4E80C1BF3D8DB0059D441 /* Mobilize-Bridging-Header.h */ = {isa = PBXFileReference; fileEncoding = 4; lastKnownFileType = sourcecode.c.h; path = "Mobilize-Bridging-Header.h"; sourceTree = "<group>"; };
		49A4E8131BF3DAD40059D441 /* ParseFacebookUtilsV4.framework */ = {isa = PBXFileReference; lastKnownFileType = wrapper.framework; path = ParseFacebookUtilsV4.framework; sourceTree = "<group>"; };
		49A7CEF41BF2E1C800BCA090 /* User.swift */ = {isa = PBXFileReference; fileEncoding = 4; lastKnownFileType = sourcecode.swift; path = User.swift; sourceTree = "<group>"; };
		49A7CF2D1BF2E3D700BCA090 /* libstdc++.6.tbd */ = {isa = PBXFileReference; lastKnownFileType = "sourcecode.text-based-dylib-definition"; name = "libstdc++.6.tbd"; path = "usr/lib/libstdc++.6.tbd"; sourceTree = SDKROOT; };
		49A7CF301BF3B36900BCA090 /* PurposesViewController.swift */ = {isa = PBXFileReference; fileEncoding = 4; lastKnownFileType = sourcecode.swift; path = PurposesViewController.swift; sourceTree = "<group>"; };
		49A7CF331BF3B38900BCA090 /* UserNotification.swift */ = {isa = PBXFileReference; fileEncoding = 4; lastKnownFileType = sourcecode.swift; path = UserNotification.swift; sourceTree = "<group>"; };
		49A7CF351BF3B39C00BCA090 /* NotificationsViewController.swift */ = {isa = PBXFileReference; fileEncoding = 4; lastKnownFileType = sourcecode.swift; path = NotificationsViewController.swift; sourceTree = "<group>"; };
		49A7CF371BF3B3AC00BCA090 /* SettingsViewController.swift */ = {isa = PBXFileReference; fileEncoding = 4; lastKnownFileType = sourcecode.swift; path = SettingsViewController.swift; sourceTree = "<group>"; };
		49A7CF391BF3B89F00BCA090 /* RegisterViewController.swift */ = {isa = PBXFileReference; fileEncoding = 4; lastKnownFileType = sourcecode.swift; path = RegisterViewController.swift; sourceTree = "<group>"; };
		49B2972F1BED26F600492550 /* IntroViewController.swift */ = {isa = PBXFileReference; fileEncoding = 4; lastKnownFileType = sourcecode.swift; path = IntroViewController.swift; sourceTree = "<group>"; };
		49CE035C1BD56216000F76D7 /* Mobilize.app */ = {isa = PBXFileReference; explicitFileType = wrapper.application; includeInIndex = 0; path = Mobilize.app; sourceTree = BUILT_PRODUCTS_DIR; };
		49CE035F1BD56216000F76D7 /* AppDelegate.swift */ = {isa = PBXFileReference; lastKnownFileType = sourcecode.swift; path = AppDelegate.swift; sourceTree = "<group>"; };
		49CE03611BD56216000F76D7 /* MainViewController.swift */ = {isa = PBXFileReference; lastKnownFileType = sourcecode.swift; path = MainViewController.swift; sourceTree = "<group>"; };
		49CE03641BD56216000F76D7 /* Base */ = {isa = PBXFileReference; lastKnownFileType = file.storyboard; name = Base; path = Base.lproj/Main.storyboard; sourceTree = "<group>"; };
		49CE03661BD56216000F76D7 /* Assets.xcassets */ = {isa = PBXFileReference; lastKnownFileType = folder.assetcatalog; path = Assets.xcassets; sourceTree = "<group>"; };
		49CE03691BD56216000F76D7 /* Base */ = {isa = PBXFileReference; lastKnownFileType = file.storyboard; name = Base; path = Base.lproj/LaunchScreen.storyboard; sourceTree = "<group>"; };
		49CE036B1BD56216000F76D7 /* Info.plist */ = {isa = PBXFileReference; lastKnownFileType = text.plist.xml; path = Info.plist; sourceTree = "<group>"; };
		49CE038D1BD56400000F76D7 /* README.md */ = {isa = PBXFileReference; fileEncoding = 4; lastKnownFileType = net.daringfireball.markdown; path = README.md; sourceTree = "<group>"; };
		49CF58B61BF2CDF6000B0059 /* Constants.swift */ = {isa = PBXFileReference; fileEncoding = 4; lastKnownFileType = sourcecode.swift; path = Constants.swift; sourceTree = "<group>"; };
		65112E2D1BFA1DCD00350721 /* ProposalCell.xib */ = {isa = PBXFileReference; fileEncoding = 4; lastKnownFileType = file.xib; path = ProposalCell.xib; sourceTree = "<group>"; };
		65112E311BFA371E00350721 /* CommentCountCell.xib */ = {isa = PBXFileReference; fileEncoding = 4; lastKnownFileType = file.xib; path = CommentCountCell.xib; sourceTree = "<group>"; };
		65112E331BFA382D00350721 /* CommentCell.xib */ = {isa = PBXFileReference; fileEncoding = 4; lastKnownFileType = file.xib; path = CommentCell.xib; sourceTree = "<group>"; };
		65112E351BFAC58900350721 /* NotificationCell.xib */ = {isa = PBXFileReference; fileEncoding = 4; lastKnownFileType = file.xib; path = NotificationCell.xib; sourceTree = "<group>"; };
		65112E371BFB865600350721 /* ProposalDetailedCell.swift */ = {isa = PBXFileReference; fileEncoding = 4; lastKnownFileType = sourcecode.swift; path = ProposalDetailedCell.swift; sourceTree = "<group>"; };
		65112E391BFB87E000350721 /* CommentsCountCell.swift */ = {isa = PBXFileReference; fileEncoding = 4; lastKnownFileType = sourcecode.swift; path = CommentsCountCell.swift; sourceTree = "<group>"; };
		65112E3B1BFB886700350721 /* CommentCell.swift */ = {isa = PBXFileReference; fileEncoding = 4; lastKnownFileType = sourcecode.swift; path = CommentCell.swift; sourceTree = "<group>"; };
		65112E3D1BFB891000350721 /* NotificationCell.swift */ = {isa = PBXFileReference; fileEncoding = 4; lastKnownFileType = sourcecode.swift; path = NotificationCell.swift; sourceTree = "<group>"; };
		65112E411BFBC9B200350721 /* SingletonDelegate.swift */ = {isa = PBXFileReference; fileEncoding = 4; lastKnownFileType = sourcecode.swift; path = SingletonDelegate.swift; sourceTree = "<group>"; };
		65112E431BFCEEA900350721 /* ProposalDetailed.swift */ = {isa = PBXFileReference; fileEncoding = 4; lastKnownFileType = sourcecode.swift; path = ProposalDetailed.swift; sourceTree = "<group>"; };
		65112E471BFFA3EA00350721 /* AgreeSupportView.xib */ = {isa = PBXFileReference; fileEncoding = 4; lastKnownFileType = file.xib; path = AgreeSupportView.xib; sourceTree = "<group>"; };
		652C139A1C0E03B70003FD92 /* NotificationSetting.xib */ = {isa = PBXFileReference; fileEncoding = 4; lastKnownFileType = file.xib; path = NotificationSetting.xib; sourceTree = "<group>"; };
		652C139E1C0E057A0003FD92 /* NotificationSettings.swift */ = {isa = PBXFileReference; fileEncoding = 4; lastKnownFileType = sourcecode.swift; path = NotificationSettings.swift; sourceTree = "<group>"; };
		652C13A11C0E35220003FD92 /* SignUpViewController.swift */ = {isa = PBXFileReference; fileEncoding = 4; lastKnownFileType = sourcecode.swift; path = SignUpViewController.swift; sourceTree = "<group>"; };
		65798E9E1BF3E331007A3E51 /* keys.plist */ = {isa = PBXFileReference; fileEncoding = 4; lastKnownFileType = text.plist.xml; path = keys.plist; sourceTree = "<group>"; };
		65798EAA1BF66CAE007A3E51 /* SharedValues.swift */ = {isa = PBXFileReference; fileEncoding = 4; lastKnownFileType = sourcecode.swift; path = SharedValues.swift; sourceTree = "<group>"; };
		65AEF0291C08CF680065E186 /* AccountCell.xib */ = {isa = PBXFileReference; fileEncoding = 4; lastKnownFileType = file.xib; path = AccountCell.xib; sourceTree = "<group>"; };
		65AEF02B1C08D12C0065E186 /* AccountCell.swift */ = {isa = PBXFileReference; fileEncoding = 4; lastKnownFileType = sourcecode.swift; path = AccountCell.swift; sourceTree = "<group>"; };
		65AEF02D1C08D2B40065E186 /* AccountViewController.swift */ = {isa = PBXFileReference; fileEncoding = 4; lastKnownFileType = sourcecode.swift; path = AccountViewController.swift; sourceTree = "<group>"; };
		65C0B2DF1C0541510010ABED /* SettingsPicture.xib */ = {isa = PBXFileReference; fileEncoding = 4; lastKnownFileType = file.xib; path = SettingsPicture.xib; sourceTree = "<group>"; };
		65C0B2E11C0543860010ABED /* SettingsGroup1.xib */ = {isa = PBXFileReference; fileEncoding = 4; lastKnownFileType = file.xib; path = SettingsGroup1.xib; sourceTree = "<group>"; };
		65C0B2E31C0545120010ABED /* SettingsGroup2.xib */ = {isa = PBXFileReference; fileEncoding = 4; lastKnownFileType = file.xib; path = SettingsGroup2.xib; sourceTree = "<group>"; };
		65C0B2E51C054E550010ABED /* SettingsPicture.swift */ = {isa = PBXFileReference; fileEncoding = 4; lastKnownFileType = sourcecode.swift; path = SettingsPicture.swift; sourceTree = "<group>"; };
		65C0B2E71C054E690010ABED /* SettingsGroup1.swift */ = {isa = PBXFileReference; fileEncoding = 4; lastKnownFileType = sourcecode.swift; path = SettingsGroup1.swift; sourceTree = "<group>"; };
		65C0B2E91C054E7B0010ABED /* SettingsGroup2.swift */ = {isa = PBXFileReference; fileEncoding = 4; lastKnownFileType = sourcecode.swift; path = SettingsGroup2.swift; sourceTree = "<group>"; };
		65C0B2EB1C0600B50010ABED /* FBSDKCoreKit.framework */ = {isa = PBXFileReference; lastKnownFileType = wrapper.framework; path = FBSDKCoreKit.framework; sourceTree = "<group>"; };
		65C0B2EC1C0600B50010ABED /* FBSDKLoginKit.framework */ = {isa = PBXFileReference; lastKnownFileType = wrapper.framework; path = FBSDKLoginKit.framework; sourceTree = "<group>"; };
/* End PBXFileReference section */

/* Begin PBXFrameworksBuildPhase section */
		49CE03591BD56216000F76D7 /* Frameworks */ = {
			isa = PBXFrameworksBuildPhase;
			buildActionMask = 2147483647;
			files = (
				49A7CF2E1BF2E3D700BCA090 /* libstdc++.6.tbd in Frameworks */,
				4969F31A1BEBC6EF000B0ED7 /* libsqlite3.tbd in Frameworks */,
				4969F3181BEBC6E7000B0ED7 /* libz.tbd in Frameworks */,
				4969F3161BEBC6DF000B0ED7 /* SystemConfiguration.framework in Frameworks */,
				4969F3121BEBC6CB000B0ED7 /* Security.framework in Frameworks */,
				4969F3101BEBC6C3000B0ED7 /* QuartzCore.framework in Frameworks */,
				4969F30E1BEBC6BA000B0ED7 /* CoreLocation.framework in Frameworks */,
				4969F30C1BEBC6AB000B0ED7 /* CoreGraphics.framework in Frameworks */,
				4969F30A1BEBC6A1000B0ED7 /* CFNetwork.framework in Frameworks */,
				65C0B2ED1C0600B50010ABED /* FBSDKCoreKit.framework in Frameworks */,
				4969F3081BEBC699000B0ED7 /* AudioToolbox.framework in Frameworks */,
				4969F3011BEBC5E7000B0ED7 /* Parse.framework in Frameworks */,
				4969F3001BEBC5E6000B0ED7 /* Bolts.framework in Frameworks */,
				65C0B2EE1C0600B50010ABED /* FBSDKLoginKit.framework in Frameworks */,
				49A4E8141BF3DAD40059D441 /* ParseFacebookUtilsV4.framework in Frameworks */,
			);
			runOnlyForDeploymentPostprocessing = 0;
		};
/* End PBXFrameworksBuildPhase section */

/* Begin PBXGroup section */
		42224B1F1C03B00A0051255C /* Proposta */ = {
			isa = PBXGroup;
			children = (
				42224B201C03B10E0051255C /* comment_58.png */,
				42224B211C03B10E0051255C /* comment_116.png */,
				42224B221C03B10E0051255C /* comment_232.png */,
				42224AFB1C03B0020051255C /* dislike_55.2.png */,
				42224AFC1C03B0020051255C /* dislike_55.png */,
				42224AFD1C03B0020051255C /* dislike_110.2.png */,
				42224AFE1C03B0020051255C /* dislike_110.png */,
				42224AFF1C03B0020051255C /* dislike_220.2.png */,
				42224B001C03B0020051255C /* dislike_220.png */,
				42224B011C03B0020051255C /* fav_31.2.png */,
				42224B021C03B0020051255C /* fav_31.png */,
				42224B031C03B0020051255C /* fav_62.2.png */,
				42224B041C03B0020051255C /* fav_62.png */,
				42224B051C03B0020051255C /* fav_124.2.png */,
				42224B061C03B0020051255C /* fav_124.png */,
				42224B071C03B0020051255C /* like_55.2.png */,
				42224B081C03B0020051255C /* like_55.png */,
				42224B091C03B0020051255C /* like_110.2.png */,
				42224B0A1C03B0020051255C /* like_110.png */,
				42224B0B1C03B0020051255C /* like_220.2.png */,
				42224B0C1C03B0020051255C /* like_220.png */,
			);
			name = Proposta;
			sourceTree = "<group>";
		};
		4969F2F81BEBC5E6000B0ED7 /* Frameworks */ = {
			isa = PBXGroup;
			children = (
				65C0B2EB1C0600B50010ABED /* FBSDKCoreKit.framework */,
				65C0B2EC1C0600B50010ABED /* FBSDKLoginKit.framework */,
				49A7CF2D1BF2E3D700BCA090 /* libstdc++.6.tbd */,
				4969F3171BEBC6E7000B0ED7 /* libz.tbd */,
				4969F3191BEBC6EF000B0ED7 /* libsqlite3.tbd */,
				49A4E8131BF3DAD40059D441 /* ParseFacebookUtilsV4.framework */,
				4969F3151BEBC6DF000B0ED7 /* SystemConfiguration.framework */,
				4969F3111BEBC6CB000B0ED7 /* Security.framework */,
				4969F30F1BEBC6C3000B0ED7 /* QuartzCore.framework */,
				4969F30D1BEBC6BA000B0ED7 /* CoreLocation.framework */,
				4969F30B1BEBC6AB000B0ED7 /* CoreGraphics.framework */,
				4969F3091BEBC6A1000B0ED7 /* CFNetwork.framework */,
				4969F3071BEBC699000B0ED7 /* AudioToolbox.framework */,
				4969F2F91BEBC5E6000B0ED7 /* Bolts.framework */,
				4969F2FA1BEBC5E6000B0ED7 /* Parse.framework */,
			);
			path = Frameworks;
			sourceTree = "<group>";
		};
		498AA1371BF3CB9A002882E1 /* Vendors */ = {
			isa = PBXGroup;
			children = (
				49A4E8071BF3D5920059D441 /* SWReveal */,
				498AA1BC1BF3D3CF002882E1 /* RazzleDazzle */,
			);
			name = Vendors;
			sourceTree = "<group>";
		};
		498AA1BC1BF3D3CF002882E1 /* RazzleDazzle */ = {
			isa = PBXGroup;
			children = (
				498AA1BD1BF3D3CF002882E1 /* AlphaAnimation.swift */,
				498AA1BE1BF3D3CF002882E1 /* Animatable.swift */,
				498AA1BF1BF3D3CF002882E1 /* AnimatedPagingScrollViewController.swift */,
				498AA1C01BF3D3CF002882E1 /* Animation.swift */,
				498AA1C11BF3D3CF002882E1 /* Animator.swift */,
				498AA1C21BF3D3CF002882E1 /* BackgroundColorAnimation.swift */,
				498AA1C31BF3D3CF002882E1 /* ConstraintConstantAnimation.swift */,
				498AA1C41BF3D3CF002882E1 /* ConstraintMultiplierAnimation.swift */,
				498AA1C51BF3D3CF002882E1 /* CornerRadiusAnimation.swift */,
				498AA1C61BF3D3CF002882E1 /* CubicBezier.swift */,
				498AA1C71BF3D3CF002882E1 /* EasingFunction.swift */,
				498AA1C81BF3D3CF002882E1 /* Filmstrip.swift */,
				498AA1C91BF3D3CF002882E1 /* HideAnimation.swift */,
				498AA1CA1BF3D3CF002882E1 /* Info.plist */,
				498AA1CB1BF3D3CF002882E1 /* Interpolatable.swift */,
				498AA1CC1BF3D3CF002882E1 /* LabelTextColorAnimation.swift */,
				498AA1CD1BF3D3CF002882E1 /* LayerFillColorAnimation.swift */,
				498AA1CE1BF3D3CF002882E1 /* LayerStrokeColorAnimation.swift */,
				498AA1CF1BF3D3CF002882E1 /* LayerStrokeEndAnimation.swift */,
				498AA1D01BF3D3CF002882E1 /* LayerStrokeStartAnimation.swift */,
				498AA1D11BF3D3CF002882E1 /* PathPositionAnimation.swift */,
				498AA1D21BF3D3CF002882E1 /* RazzleDazzle.h */,
				498AA1D31BF3D3CF002882E1 /* RotationAnimation.swift */,
				498AA1D41BF3D3CF002882E1 /* ScaleAnimation.swift */,
				498AA1D51BF3D3CF002882E1 /* ScrollViewPageConstraintAnimation.swift */,
				498AA1D61BF3D3CF002882E1 /* TranslationAnimation.swift */,
				498AA1D71BF3D3CF002882E1 /* UIView+Transform.swift */,
			);
			path = RazzleDazzle;
			sourceTree = "<group>";
		};
		49A4E8071BF3D5920059D441 /* SWReveal */ = {
			isa = PBXGroup;
			children = (
				49873EAD1BF3DBEF004E4424 /* Mobilize-Bridging-Header.h */,
				49873EAE1BF3DBEF004E4424 /* SWRevealViewController.h */,
				49873EAF1BF3DBEF004E4424 /* SWRevealViewController.m */,
			);
			path = SWReveal;
			sourceTree = "<group>";
		};
		49A7CF2F1BF3AFC200BCA090 /* Utils */ = {
			isa = PBXGroup;
			children = (
				493AF3891BF3E20E004BADE4 /* CategoryCellTableViewCell.swift */,
				493AF38A1BF3E20E004BADE4 /* CustomCell.swift */,
				65112E371BFB865600350721 /* ProposalDetailedCell.swift */,
				65112E391BFB87E000350721 /* CommentsCountCell.swift */,
				65112E3B1BFB886700350721 /* CommentCell.swift */,
				65112E3D1BFB891000350721 /* NotificationCell.swift */,
				65C0B2E51C054E550010ABED /* SettingsPicture.swift */,
				65C0B2E71C054E690010ABED /* SettingsGroup1.swift */,
				65C0B2E91C054E7B0010ABED /* SettingsGroup2.swift */,
				65AEF02B1C08D12C0065E186 /* AccountCell.swift */,
			);
			name = Utils;
			sourceTree = "<group>";
		};
		49A7CF321BF3B37600BCA090 /* Notifications */ = {
			isa = PBXGroup;
			children = (
				49A7CF331BF3B38900BCA090 /* UserNotification.swift */,
			);
			name = Notifications;
			sourceTree = "<group>";
		};
		49B2972B1BEC244500492550 /* Supporting Files */ = {
			isa = PBXGroup;
			children = (
				65798E9E1BF3E331007A3E51 /* keys.plist */,
				493AF38F1BF3E248004BADE4 /* CategoryCell.xib */,
				493AF3901BF3E248004BADE4 /* CustomCell.xib */,
				49CE03681BD56216000F76D7 /* LaunchScreen.storyboard */,
				49CE03661BD56216000F76D7 /* Assets.xcassets */,
				49CE036B1BD56216000F76D7 /* Info.plist */,
				65112E2D1BFA1DCD00350721 /* ProposalCell.xib */,
				65112E311BFA371E00350721 /* CommentCountCell.xib */,
				65112E331BFA382D00350721 /* CommentCell.xib */,
				42224B1F1C03B00A0051255C /* Proposta */,
				65112E351BFAC58900350721 /* NotificationCell.xib */,
				65112E471BFFA3EA00350721 /* AgreeSupportView.xib */,
				65C0B2DF1C0541510010ABED /* SettingsPicture.xib */,
				65C0B2E11C0543860010ABED /* SettingsGroup1.xib */,
				65C0B2E31C0545120010ABED /* SettingsGroup2.xib */,
				65AEF0291C08CF680065E186 /* AccountCell.xib */,
				652C139A1C0E03B70003FD92 /* NotificationSetting.xib */,
			);
			name = "Supporting Files";
			sourceTree = "<group>";
		};
		49CE03531BD56216000F76D7 = {
			isa = PBXGroup;
			children = (
				49A4E80C1BF3D8DB0059D441 /* Mobilize-Bridging-Header.h */,
				49CE038D1BD56400000F76D7 /* README.md */,
				4969F2F81BEBC5E6000B0ED7 /* Frameworks */,
				49CE035E1BD56216000F76D7 /* Mobilize */,
				49CE035D1BD56216000F76D7 /* Products */,
			);
			sourceTree = "<group>";
		};
		49CE035D1BD56216000F76D7 /* Products */ = {
			isa = PBXGroup;
			children = (
				49CE035C1BD56216000F76D7 /* Mobilize.app */,
			);
			name = Products;
			sourceTree = "<group>";
		};
		49CE035E1BD56216000F76D7 /* Mobilize */ = {
			isa = PBXGroup;
			children = (
				498AA1371BF3CB9A002882E1 /* Vendors */,
				49A7CF321BF3B37600BCA090 /* Notifications */,
				49CF58B51BF2CDAD000B0059 /* Model */,
				49B2972B1BEC244500492550 /* Supporting Files */,
				49CF58B41BF28964000B0059 /* Controller */,
				49A7CF2F1BF3AFC200BCA090 /* Utils */,
				49CE035F1BD56216000F76D7 /* AppDelegate.swift */,
				49CE03611BD56216000F76D7 /* MainViewController.swift */,
				49CF58B61BF2CDF6000B0059 /* Constants.swift */,
				49CE03631BD56216000F76D7 /* Main.storyboard */,
				493AF3831BF3E129004BADE4 /* Login.swift */,
				493AF3841BF3E129004BADE4 /* NewProposal.swift */,
				493AF3851BF3E129004BADE4 /* Propostas.swift */,
				493AF38B1BF3E20E004BADE4 /* ThemesCategory.swift */,
				65798EAA1BF66CAE007A3E51 /* SharedValues.swift */,
				65112E411BFBC9B200350721 /* SingletonDelegate.swift */,
				65112E431BFCEEA900350721 /* ProposalDetailed.swift */,
			);
			path = Mobilize;
			sourceTree = "<group>";
		};
		49CF58B41BF28964000B0059 /* Controller */ = {
			isa = PBXGroup;
			children = (
				49B2972F1BED26F600492550 /* IntroViewController.swift */,
				4925F5601BF27C7D00481D98 /* LoginViewController.swift */,
				49A7CF301BF3B36900BCA090 /* PurposesViewController.swift */,
				49A7CF351BF3B39C00BCA090 /* NotificationsViewController.swift */,
				49A7CF371BF3B3AC00BCA090 /* SettingsViewController.swift */,
				49A7CF391BF3B89F00BCA090 /* RegisterViewController.swift */,
				65AEF02D1C08D2B40065E186 /* AccountViewController.swift */,
				652C139E1C0E057A0003FD92 /* NotificationSettings.swift */,
				652C13A11C0E35220003FD92 /* SignUpViewController.swift */,
			);
			name = Controller;
			sourceTree = "<group>";
		};
		49CF58B51BF2CDAD000B0059 /* Model */ = {
			isa = PBXGroup;
			children = (
				49A7CEF41BF2E1C800BCA090 /* User.swift */,
			);
			name = Model;
			sourceTree = "<group>";
		};
/* End PBXGroup section */

/* Begin PBXNativeTarget section */
		49CE035B1BD56216000F76D7 /* Mobilize */ = {
			isa = PBXNativeTarget;
			buildConfigurationList = 49CE03841BD56216000F76D7 /* Build configuration list for PBXNativeTarget "Mobilize" */;
			buildPhases = (
				49CE03581BD56216000F76D7 /* Sources */,
				49CE03591BD56216000F76D7 /* Frameworks */,
				49CE035A1BD56216000F76D7 /* Resources */,
			);
			buildRules = (
			);
			dependencies = (
			);
			name = Mobilize;
			productName = Mobilize;
			productReference = 49CE035C1BD56216000F76D7 /* Mobilize.app */;
			productType = "com.apple.product-type.application";
		};
/* End PBXNativeTarget section */

/* Begin PBXProject section */
		49CE03541BD56216000F76D7 /* Project object */ = {
			isa = PBXProject;
			attributes = {
				LastSwiftUpdateCheck = 0710;
				LastUpgradeCheck = 0700;
				ORGANIZATIONNAME = "Miguel Araújo";
				TargetAttributes = {
					49CE035B1BD56216000F76D7 = {
						CreatedOnToolsVersion = 7.0.1;
						DevelopmentTeam = 8Q398C765X;
						SystemCapabilities = {
							com.apple.InAppPurchase = {
								enabled = 0;
							};
							com.apple.Push = {
								enabled = 1;
							};
						};
					};
				};
			};
			buildConfigurationList = 49CE03571BD56216000F76D7 /* Build configuration list for PBXProject "Mobilize" */;
			compatibilityVersion = "Xcode 3.2";
			developmentRegion = English;
			hasScannedForEncodings = 0;
			knownRegions = (
				en,
				Base,
			);
			mainGroup = 49CE03531BD56216000F76D7;
			productRefGroup = 49CE035D1BD56216000F76D7 /* Products */;
			projectDirPath = "";
			projectRoot = "";
			targets = (
				49CE035B1BD56216000F76D7 /* Mobilize */,
			);
		};
/* End PBXProject section */

/* Begin PBXResourcesBuildPhase section */
		49CE035A1BD56216000F76D7 /* Resources */ = {
			isa = PBXResourcesBuildPhase;
			buildActionMask = 2147483647;
			files = (
				42224B231C03B10E0051255C /* comment_58.png in Resources */,
				65AEF02A1C08CF680065E186 /* AccountCell.xib in Resources */,
				42224B191C03B0020051255C /* like_55.2.png in Resources */,
				65C0B2E21C0543860010ABED /* SettingsGroup1.xib in Resources */,
				42224B1D1C03B0020051255C /* like_220.2.png in Resources */,
				42224B251C03B10E0051255C /* comment_232.png in Resources */,
				65798E9F1BF3E331007A3E51 /* keys.plist in Resources */,
				42224B1C1C03B0020051255C /* like_110.png in Resources */,
				498AA1E91BF3D3CF002882E1 /* Info.plist in Resources */,
				493AF3911BF3E248004BADE4 /* CategoryCell.xib in Resources */,
				42224B131C03B0020051255C /* fav_31.2.png in Resources */,
				65112E321BFA371E00350721 /* CommentCountCell.xib in Resources */,
				42224B141C03B0020051255C /* fav_31.png in Resources */,
				42224B161C03B0020051255C /* fav_62.png in Resources */,
				42224B111C03B0020051255C /* dislike_220.2.png in Resources */,
				42224B151C03B0020051255C /* fav_62.2.png in Resources */,
				42224B0E1C03B0020051255C /* dislike_55.png in Resources */,
				42224B1E1C03B0020051255C /* like_220.png in Resources */,
				42224B241C03B10E0051255C /* comment_116.png in Resources */,
				42224B1B1C03B0020051255C /* like_110.2.png in Resources */,
				42224B181C03B0020051255C /* fav_124.png in Resources */,
				493AF3921BF3E248004BADE4 /* CustomCell.xib in Resources */,
				652C139B1C0E03B70003FD92 /* NotificationSetting.xib in Resources */,
				42224B0D1C03B0020051255C /* dislike_55.2.png in Resources */,
				49CE036A1BD56216000F76D7 /* LaunchScreen.storyboard in Resources */,
				49CE03671BD56216000F76D7 /* Assets.xcassets in Resources */,
				49CE03651BD56216000F76D7 /* Main.storyboard in Resources */,
				42224B0F1C03B0020051255C /* dislike_110.2.png in Resources */,
				42224B101C03B0020051255C /* dislike_110.png in Resources */,
				65112E361BFAC58900350721 /* NotificationCell.xib in Resources */,
				42224B1A1C03B0020051255C /* like_55.png in Resources */,
				42224B121C03B0020051255C /* dislike_220.png in Resources */,
				42224B171C03B0020051255C /* fav_124.2.png in Resources */,
				65C0B2E41C0545120010ABED /* SettingsGroup2.xib in Resources */,
				65112E341BFA382D00350721 /* CommentCell.xib in Resources */,
				65112E2E1BFA1DCD00350721 /* ProposalCell.xib in Resources */,
				65C0B2E01C0541510010ABED /* SettingsPicture.xib in Resources */,
				65112E481BFFA3EA00350721 /* AgreeSupportView.xib in Resources */,
				49CE038E1BD56400000F76D7 /* README.md in Resources */,
			);
			runOnlyForDeploymentPostprocessing = 0;
		};
/* End PBXResourcesBuildPhase section */

/* Begin PBXSourcesBuildPhase section */
		49CE03581BD56216000F76D7 /* Sources */ = {
			isa = PBXSourcesBuildPhase;
			buildActionMask = 2147483647;
			files = (
				498AA1E61BF3D3CF002882E1 /* EasingFunction.swift in Sources */,
				498AA1E51BF3D3CF002882E1 /* CubicBezier.swift in Sources */,
				65112E381BFB865600350721 /* ProposalDetailedCell.swift in Sources */,
				498AA1E81BF3D3CF002882E1 /* HideAnimation.swift in Sources */,
				65112E421BFBC9B200350721 /* SingletonDelegate.swift in Sources */,
				498AA1E21BF3D3CF002882E1 /* ConstraintConstantAnimation.swift in Sources */,
				65112E3A1BFB87E000350721 /* CommentsCountCell.swift in Sources */,
				498AA1EE1BF3D3CF002882E1 /* LayerStrokeEndAnimation.swift in Sources */,
				498AA1EA1BF3D3CF002882E1 /* Interpolatable.swift in Sources */,
				498AA1DD1BF3D3CF002882E1 /* Animatable.swift in Sources */,
				498AA1EC1BF3D3CF002882E1 /* LayerFillColorAnimation.swift in Sources */,
				65AEF02C1C08D12C0065E186 /* AccountCell.swift in Sources */,
				49A7CEF51BF2E1C800BCA090 /* User.swift in Sources */,
				49CF58B71BF2CDF6000B0059 /* Constants.swift in Sources */,
				498AA1E31BF3D3CF002882E1 /* ConstraintMultiplierAnimation.swift in Sources */,
				49A7CF341BF3B38900BCA090 /* UserNotification.swift in Sources */,
				652C13A21C0E35220003FD92 /* SignUpViewController.swift in Sources */,
				498AA1F51BF3D3CF002882E1 /* UIView+Transform.swift in Sources */,
				49A7CF361BF3B39C00BCA090 /* NotificationsViewController.swift in Sources */,
				493AF3861BF3E129004BADE4 /* Login.swift in Sources */,
				498AA1F11BF3D3CF002882E1 /* RotationAnimation.swift in Sources */,
				65798EAB1BF66CAE007A3E51 /* SharedValues.swift in Sources */,
				65AEF02E1C08D2B40065E186 /* AccountViewController.swift in Sources */,
				498AA1DC1BF3D3CF002882E1 /* AlphaAnimation.swift in Sources */,
				4925F5611BF27C7D00481D98 /* LoginViewController.swift in Sources */,
				49CE03621BD56216000F76D7 /* MainViewController.swift in Sources */,
				65112E441BFCEEA900350721 /* ProposalDetailed.swift in Sources */,
				498AA1F41BF3D3CF002882E1 /* TranslationAnimation.swift in Sources */,
				498AA1E41BF3D3CF002882E1 /* CornerRadiusAnimation.swift in Sources */,
				65C0B2EA1C054E7B0010ABED /* SettingsGroup2.swift in Sources */,
				652C139F1C0E057A0003FD92 /* NotificationSettings.swift in Sources */,
				49CE03601BD56216000F76D7 /* AppDelegate.swift in Sources */,
				49A7CF381BF3B3AC00BCA090 /* SettingsViewController.swift in Sources */,
				498AA1E71BF3D3CF002882E1 /* Filmstrip.swift in Sources */,
				498AA1F31BF3D3CF002882E1 /* ScrollViewPageConstraintAnimation.swift in Sources */,
				493AF38E1BF3E20E004BADE4 /* ThemesCategory.swift in Sources */,
				493AF3871BF3E129004BADE4 /* NewProposal.swift in Sources */,
				49A7CF311BF3B36900BCA090 /* PurposesViewController.swift in Sources */,
				49A7CF3A1BF3B89F00BCA090 /* RegisterViewController.swift in Sources */,
				498AA1F01BF3D3CF002882E1 /* PathPositionAnimation.swift in Sources */,
				65112E3C1BFB886700350721 /* CommentCell.swift in Sources */,
				493AF38C1BF3E20E004BADE4 /* CategoryCellTableViewCell.swift in Sources */,
				493AF3881BF3E129004BADE4 /* Propostas.swift in Sources */,
				498AA1E11BF3D3CF002882E1 /* BackgroundColorAnimation.swift in Sources */,
				498AA1ED1BF3D3CF002882E1 /* LayerStrokeColorAnimation.swift in Sources */,
				498AA1DE1BF3D3CF002882E1 /* AnimatedPagingScrollViewController.swift in Sources */,
				498AA1EB1BF3D3CF002882E1 /* LabelTextColorAnimation.swift in Sources */,
				65112E3E1BFB891000350721 /* NotificationCell.swift in Sources */,
				65C0B2E61C054E550010ABED /* SettingsPicture.swift in Sources */,
				498AA1DF1BF3D3CF002882E1 /* Animation.swift in Sources */,
				498AA1EF1BF3D3CF002882E1 /* LayerStrokeStartAnimation.swift in Sources */,
				498AA1E01BF3D3CF002882E1 /* Animator.swift in Sources */,
				498AA1F21BF3D3CF002882E1 /* ScaleAnimation.swift in Sources */,
				49873EB01BF3DBEF004E4424 /* SWRevealViewController.m in Sources */,
				493AF38D1BF3E20E004BADE4 /* CustomCell.swift in Sources */,
				65C0B2E81C054E690010ABED /* SettingsGroup1.swift in Sources */,
				49B297301BED26F600492550 /* IntroViewController.swift in Sources */,
			);
			runOnlyForDeploymentPostprocessing = 0;
		};
/* End PBXSourcesBuildPhase section */

/* Begin PBXVariantGroup section */
		49CE03631BD56216000F76D7 /* Main.storyboard */ = {
			isa = PBXVariantGroup;
			children = (
				49CE03641BD56216000F76D7 /* Base */,
			);
			name = Main.storyboard;
			sourceTree = "<group>";
		};
		49CE03681BD56216000F76D7 /* LaunchScreen.storyboard */ = {
			isa = PBXVariantGroup;
			children = (
				49CE03691BD56216000F76D7 /* Base */,
			);
			name = LaunchScreen.storyboard;
			sourceTree = "<group>";
		};
/* End PBXVariantGroup section */

/* Begin XCBuildConfiguration section */
		49CE03821BD56216000F76D7 /* Debug */ = {
			isa = XCBuildConfiguration;
			buildSettings = {
				ALWAYS_SEARCH_USER_PATHS = NO;
				CLANG_CXX_LANGUAGE_STANDARD = "gnu++0x";
				CLANG_CXX_LIBRARY = "libc++";
				CLANG_ENABLE_MODULES = YES;
				CLANG_ENABLE_OBJC_ARC = YES;
				CLANG_WARN_BOOL_CONVERSION = YES;
				CLANG_WARN_CONSTANT_CONVERSION = YES;
				CLANG_WARN_DIRECT_OBJC_ISA_USAGE = YES_ERROR;
				CLANG_WARN_EMPTY_BODY = YES;
				CLANG_WARN_ENUM_CONVERSION = YES;
				CLANG_WARN_INT_CONVERSION = YES;
				CLANG_WARN_OBJC_ROOT_CLASS = YES_ERROR;
				CLANG_WARN_UNREACHABLE_CODE = YES;
				CLANG_WARN__DUPLICATE_METHOD_MATCH = YES;
				"CODE_SIGN_IDENTITY[sdk=iphoneos*]" = "iPhone Developer";
				COPY_PHASE_STRIP = NO;
				DEBUG_INFORMATION_FORMAT = dwarf;
				ENABLE_STRICT_OBJC_MSGSEND = YES;
				ENABLE_TESTABILITY = YES;
				GCC_C_LANGUAGE_STANDARD = gnu99;
				GCC_DYNAMIC_NO_PIC = NO;
				GCC_NO_COMMON_BLOCKS = YES;
				GCC_OPTIMIZATION_LEVEL = 0;
				GCC_PREPROCESSOR_DEFINITIONS = (
					"DEBUG=1",
					"$(inherited)",
				);
				GCC_WARN_64_TO_32_BIT_CONVERSION = YES;
				GCC_WARN_ABOUT_RETURN_TYPE = YES_ERROR;
				GCC_WARN_UNDECLARED_SELECTOR = YES;
				GCC_WARN_UNINITIALIZED_AUTOS = YES_AGGRESSIVE;
				GCC_WARN_UNUSED_FUNCTION = YES;
				GCC_WARN_UNUSED_VARIABLE = YES;
				IPHONEOS_DEPLOYMENT_TARGET = 9.1;
				MTL_ENABLE_DEBUG_INFO = YES;
				ONLY_ACTIVE_ARCH = YES;
				SDKROOT = iphoneos;
				SWIFT_OPTIMIZATION_LEVEL = "-Onone";
				TARGETED_DEVICE_FAMILY = "1,2";
			};
			name = Debug;
		};
		49CE03831BD56216000F76D7 /* Release */ = {
			isa = XCBuildConfiguration;
			buildSettings = {
				ALWAYS_SEARCH_USER_PATHS = NO;
				CLANG_CXX_LANGUAGE_STANDARD = "gnu++0x";
				CLANG_CXX_LIBRARY = "libc++";
				CLANG_ENABLE_MODULES = YES;
				CLANG_ENABLE_OBJC_ARC = YES;
				CLANG_WARN_BOOL_CONVERSION = YES;
				CLANG_WARN_CONSTANT_CONVERSION = YES;
				CLANG_WARN_DIRECT_OBJC_ISA_USAGE = YES_ERROR;
				CLANG_WARN_EMPTY_BODY = YES;
				CLANG_WARN_ENUM_CONVERSION = YES;
				CLANG_WARN_INT_CONVERSION = YES;
				CLANG_WARN_OBJC_ROOT_CLASS = YES_ERROR;
				CLANG_WARN_UNREACHABLE_CODE = YES;
				CLANG_WARN__DUPLICATE_METHOD_MATCH = YES;
				"CODE_SIGN_IDENTITY[sdk=iphoneos*]" = "iPhone Developer";
				COPY_PHASE_STRIP = NO;
				DEBUG_INFORMATION_FORMAT = "dwarf-with-dsym";
				ENABLE_NS_ASSERTIONS = NO;
				ENABLE_STRICT_OBJC_MSGSEND = YES;
				GCC_C_LANGUAGE_STANDARD = gnu99;
				GCC_NO_COMMON_BLOCKS = YES;
				GCC_WARN_64_TO_32_BIT_CONVERSION = YES;
				GCC_WARN_ABOUT_RETURN_TYPE = YES_ERROR;
				GCC_WARN_UNDECLARED_SELECTOR = YES;
				GCC_WARN_UNINITIALIZED_AUTOS = YES_AGGRESSIVE;
				GCC_WARN_UNUSED_FUNCTION = YES;
				GCC_WARN_UNUSED_VARIABLE = YES;
				IPHONEOS_DEPLOYMENT_TARGET = 9.1;
				MTL_ENABLE_DEBUG_INFO = NO;
				SDKROOT = iphoneos;
				TARGETED_DEVICE_FAMILY = "1,2";
				VALIDATE_PRODUCT = YES;
			};
			name = Release;
		};
		49CE03851BD56216000F76D7 /* Debug */ = {
			isa = XCBuildConfiguration;
			buildSettings = {
				ASSETCATALOG_COMPILER_APPICON_NAME = AppIcon;
				CLANG_ENABLE_MODULES = YES;
				CODE_SIGN_IDENTITY = "iPhone Developer";
				"CODE_SIGN_IDENTITY[sdk=iphoneos*]" = "iPhone Developer";
				FRAMEWORK_SEARCH_PATHS = (
					"$(inherited)",
					"$(PROJECT_DIR)/Frameworks",
				);
				INFOPLIST_FILE = Mobilize/Info.plist;
				IPHONEOS_DEPLOYMENT_TARGET = 9.1;
				LD_RUNPATH_SEARCH_PATHS = "$(inherited) @executable_path/Frameworks";
				PRODUCT_BUNDLE_IDENTIFIER = br.com.Mobilize;
				PRODUCT_NAME = "$(TARGET_NAME)";
				PROVISIONING_PROFILE = "";
				SWIFT_OBJC_BRIDGING_HEADER = "Mobilize/Mobilize-Bridging-Header.h";
				SWIFT_OPTIMIZATION_LEVEL = "-Onone";
				TARGETED_DEVICE_FAMILY = 1;
			};
			name = Debug;
		};
		49CE03861BD56216000F76D7 /* Release */ = {
			isa = XCBuildConfiguration;
			buildSettings = {
				ASSETCATALOG_COMPILER_APPICON_NAME = AppIcon;
				CLANG_ENABLE_MODULES = YES;
				CODE_SIGN_IDENTITY = "iPhone Developer";
				"CODE_SIGN_IDENTITY[sdk=iphoneos*]" = "iPhone Developer";
				FRAMEWORK_SEARCH_PATHS = (
					"$(inherited)",
					"$(PROJECT_DIR)/Frameworks",
				);
				INFOPLIST_FILE = Mobilize/Info.plist;
				IPHONEOS_DEPLOYMENT_TARGET = 9.1;
				LD_RUNPATH_SEARCH_PATHS = "$(inherited) @executable_path/Frameworks";
				PRODUCT_BUNDLE_IDENTIFIER = br.com.Mobilize;
				PRODUCT_NAME = "$(TARGET_NAME)";
				PROVISIONING_PROFILE = "";
				SWIFT_OBJC_BRIDGING_HEADER = "Mobilize/Mobilize-Bridging-Header.h";
				TARGETED_DEVICE_FAMILY = 1;
			};
			name = Release;
		};
/* End XCBuildConfiguration section */

/* Begin XCConfigurationList section */
		49CE03571BD56216000F76D7 /* Build configuration list for PBXProject "Mobilize" */ = {
			isa = XCConfigurationList;
			buildConfigurations = (
				49CE03821BD56216000F76D7 /* Debug */,
				49CE03831BD56216000F76D7 /* Release */,
			);
			defaultConfigurationIsVisible = 0;
			defaultConfigurationName = Release;
		};
		49CE03841BD56216000F76D7 /* Build configuration list for PBXNativeTarget "Mobilize" */ = {
			isa = XCConfigurationList;
			buildConfigurations = (
				49CE03851BD56216000F76D7 /* Debug */,
				49CE03861BD56216000F76D7 /* Release */,
			);
			defaultConfigurationIsVisible = 0;
			defaultConfigurationName = Release;
		};
/* End XCConfigurationList section */
	};
	rootObject = 49CE03541BD56216000F76D7 /* Project object */;
}
